{
    "name": "buzzword-aws-find-keywords-lambda",
    "version": "1.0.0",
    "lockfileVersion": 2,
    "requires": true,
    "packages": {
        "": {
            "name": "buzzword-aws-find-keywords-lambda",
            "version": "1.0.0",
            "dependencies": {
                "node-fetch": "^2.6.5",
                "retext": "^7.0.1",
                "retext-keywords": "^6.0.0"
            }
        },
        "node_modules/@types/unist": {
            "version": "2.0.6",
            "resolved": "https://registry.npmjs.org/@types/unist/-/unist-2.0.6.tgz",
            "integrity": "sha512-PBjIUxZHOuj0R15/xuwJYjFi+KZdNFrehocChv4g5hu6aFroHue8m0lBP0POdK2nKzbw0cgV1mws8+V/JAcEkQ=="
        },
        "node_modules/array-iterate": {
            "version": "1.1.4",
            "resolved": "https://registry.npmjs.org/array-iterate/-/array-iterate-1.1.4.tgz",
            "integrity": "sha512-sNRaPGh9nnmdC8Zf+pT3UqP8rnWj5Hf9wiFGsX3wUQ2yVSIhO2ShFwCoceIPpB41QF6i2OEmrHmCo36xronCVA==",
            "funding": {
                "type": "github",
                "url": "https://github.com/sponsors/wooorm"
            }
        },
        "node_modules/extend": {
            "version": "3.0.2",
            "resolved": "https://registry.npmjs.org/extend/-/extend-3.0.2.tgz",
            "integrity": "sha512-fjquC59cD7CyW6urNXK0FBufkZcoiGG80wTuPujX590cB5Ttln20E2UB4S/WARVqhXffZl2LNgS+gQdPIIim/g=="
        },
        "node_modules/inherits": {
            "version": "2.0.4",
            "resolved": "https://registry.npmjs.org/inherits/-/inherits-2.0.4.tgz",
            "integrity": "sha512-k/vGaX4/Yla3WzyMCvTQOXYeIHvqOKtnqBduzTHpzpQZzAskKMhZ2K+EnBiSM9zGSoIFeMpXKxa4dYeZIQqewQ=="
        },
        "node_modules/is-buffer": {
            "version": "2.0.5",
            "resolved": "https://registry.npmjs.org/is-buffer/-/is-buffer-2.0.5.tgz",
            "integrity": "sha512-i2R6zNFDwgEHJyQUtJEk0XFi1i0dPFn/oqjK3/vPCcDeJvW5NQ83V8QbicfF1SupOaB0h8ntgBC2YiE7dfyctQ==",
            "funding": [
                {
                    "type": "github",
                    "url": "https://github.com/sponsors/feross"
                },
                {
                    "type": "patreon",
                    "url": "https://www.patreon.com/feross"
                },
                {
                    "type": "consulting",
                    "url": "https://feross.org/support"
                }
            ],
            "engines": {
                "node": ">=4"
            }
        },
        "node_modules/nlcst-to-string": {
            "version": "2.0.4",
            "resolved": "https://registry.npmjs.org/nlcst-to-string/-/nlcst-to-string-2.0.4.tgz",
            "integrity": "sha512-3x3jwTd6UPG7vi5k4GEzvxJ5rDA7hVUIRNHPblKuMVP9Z3xmlsd9cgLcpAMkc5uPOBna82EeshROFhsPkbnTZg==",
            "funding": {
                "type": "opencollective",
                "url": "https://opencollective.com/unified"
            }
        },
        "node_modules/node-fetch": {
            "version": "2.6.5",
            "resolved": "https://registry.npmjs.org/node-fetch/-/node-fetch-2.6.5.tgz",
            "integrity": "sha512-mmlIVHJEu5rnIxgEgez6b9GgWXbkZj5YZ7fx+2r94a2E+Uirsp6HsPTPlomfdHtpt/B0cdKviwkoaM6pyvUOpQ==",
            "dependencies": {
                "whatwg-url": "^5.0.0"
            },
            "engines": {
                "node": "4.x || >=6.0.0"
            }
        },
        "node_modules/parse-latin": {
            "version": "4.3.0",
            "resolved": "https://registry.npmjs.org/parse-latin/-/parse-latin-4.3.0.tgz",
            "integrity": "sha512-TYKL+K98dcAWoCw/Ac1yrPviU8Trk+/gmjQVaoWEFDZmVD4KRg6c/80xKqNNFQObo2mTONgF8trzAf2UTwKafw==",
            "dependencies": {
                "nlcst-to-string": "^2.0.0",
                "unist-util-modify-children": "^2.0.0",
                "unist-util-visit-children": "^1.0.0"
            },
            "funding": {
                "type": "github",
                "url": "https://github.com/sponsors/wooorm"
            }
        },
        "node_modules/retext": {
            "version": "7.0.1",
            "resolved": "https://registry.npmjs.org/retext/-/retext-7.0.1.tgz",
            "integrity": "sha512-N0IaEDkvUjqyfn3/gwxVfI51IxfGzOiVXqPLWnKeCDbiQdxSg0zebzHPxXWnL7TeplAJ+RE4uqrXyYN//s9HjQ==",
            "dependencies": {
                "retext-latin": "^2.0.0",
                "retext-stringify": "^2.0.0",
                "unified": "^8.0.0"
            },
            "funding": {
                "type": "opencollective",
                "url": "https://opencollective.com/unified"
            }
        },
        "node_modules/retext-keywords": {
            "version": "6.0.0",
            "resolved": "https://registry.npmjs.org/retext-keywords/-/retext-keywords-6.0.0.tgz",
            "integrity": "sha512-jDdindZTevx7uvDPcLG86qsfr6++szKXgGtQ5PjkkCxpEPpnyBeGovlTR7BCfyRatEoLX66iiTmpsY/hhAjbzA==",
            "dependencies": {
                "nlcst-to-string": "^2.0.0",
                "stemmer": "^1.0.0",
                "unist-util-visit": "^2.0.0"
            },
            "funding": {
                "type": "opencollective",
                "url": "https://opencollective.com/unified"
            }
        },
        "node_modules/retext-latin": {
            "version": "2.0.4",
            "resolved": "https://registry.npmjs.org/retext-latin/-/retext-latin-2.0.4.tgz",
            "integrity": "sha512-fOoSSoQgDZ+l/uS81oxI3alBghDUPja0JEl0TpQxI6MN+dhM6fLFumPJwMZ4PJTyL5FFAgjlsdv8IX+6IRuwMw==",
            "dependencies": {
                "parse-latin": "^4.0.0",
                "unherit": "^1.0.4"
            },
            "funding": {
                "type": "opencollective",
                "url": "https://opencollective.com/unified"
            }
        },
        "node_modules/retext-stringify": {
            "version": "2.0.4",
            "resolved": "https://registry.npmjs.org/retext-stringify/-/retext-stringify-2.0.4.tgz",
            "integrity": "sha512-xOtx5mFJBoT3j7PBtiY2I+mEGERNniofWktI1cKXvjMEJPOuqve0dghLHO1+gz/gScLn4zqspDGv4kk2wS5kSA==",
            "dependencies": {
                "nlcst-to-string": "^2.0.0"
            },
            "funding": {
                "type": "opencollective",
                "url": "https://opencollective.com/unified"
            }
        },
        "node_modules/retext/node_modules/bail": {
            "version": "1.0.5",
            "resolved": "https://registry.npmjs.org/bail/-/bail-1.0.5.tgz",
            "integrity": "sha512-xFbRxM1tahm08yHBP16MMjVUAvDaBMD38zsM9EMAUN61omwLmKlOpB/Zku5QkjZ8TZ4vn53pj+t518cH0S03RQ==",
            "funding": {
                "type": "github",
                "url": "https://github.com/sponsors/wooorm"
            }
        },
        "node_modules/retext/node_modules/is-plain-obj": {
            "version": "2.1.0",
            "resolved": "https://registry.npmjs.org/is-plain-obj/-/is-plain-obj-2.1.0.tgz",
            "integrity": "sha512-YWnfyRwxL/+SsrWYfOpUtz5b3YD+nyfkHvjbcanzk8zgyO4ASD67uVMRt8k5bM4lLMDnXfriRhOpemw+NfT1eA==",
            "engines": {
                "node": ">=8"
            }
        },
        "node_modules/retext/node_modules/trough": {
            "version": "1.0.5",
            "resolved": "https://registry.npmjs.org/trough/-/trough-1.0.5.tgz",
            "integrity": "sha512-rvuRbTarPXmMb79SmzEp8aqXNKcK+y0XaB298IXueQ8I2PsrATcPBCSPyK/dDNa2iWOhKlfNnOjdAOTBU/nkFA==",
            "funding": {
                "type": "github",
                "url": "https://github.com/sponsors/wooorm"
            }
        },
        "node_modules/retext/node_modules/unified": {
            "version": "8.4.2",
            "resolved": "https://registry.npmjs.org/unified/-/unified-8.4.2.tgz",
            "integrity": "sha512-JCrmN13jI4+h9UAyKEoGcDZV+i1E7BLFuG7OsaDvTXI5P0qhHX+vZO/kOhz9jn8HGENDKbwSeB0nVOg4gVStGA==",
            "dependencies": {
                "bail": "^1.0.0",
                "extend": "^3.0.0",
                "is-plain-obj": "^2.0.0",
                "trough": "^1.0.0",
                "vfile": "^4.0.0"
            },
            "funding": {
                "type": "opencollective",
                "url": "https://opencollective.com/unified"
            }
        },
        "node_modules/retext/node_modules/unist-util-stringify-position": {
            "version": "2.0.3",
            "resolved": "https://registry.npmjs.org/unist-util-stringify-position/-/unist-util-stringify-position-2.0.3.tgz",
            "integrity": "sha512-3faScn5I+hy9VleOq/qNbAd6pAx7iH5jYBMS9I1HgQVijz/4mv5Bvw5iw1sC/90CODiKo81G/ps8AJrISn687g==",
            "dependencies": {
                "@types/unist": "^2.0.2"
            },
            "funding": {
                "type": "opencollective",
                "url": "https://opencollective.com/unified"
            }
        },
        "node_modules/retext/node_modules/vfile": {
            "version": "4.2.1",
            "resolved": "https://registry.npmjs.org/vfile/-/vfile-4.2.1.tgz",
            "integrity": "sha512-O6AE4OskCG5S1emQ/4gl8zK586RqA3srz3nfK/Viy0UPToBc5Trp9BVFb1u0CjsKrAWwnpr4ifM/KBXPWwJbCA==",
            "dependencies": {
                "@types/unist": "^2.0.0",
                "is-buffer": "^2.0.0",
                "unist-util-stringify-position": "^2.0.0",
                "vfile-message": "^2.0.0"
            },
            "funding": {
                "type": "opencollective",
                "url": "https://opencollective.com/unified"
            }
        },
        "node_modules/retext/node_modules/vfile-message": {
            "version": "2.0.4",
            "resolved": "https://registry.npmjs.org/vfile-message/-/vfile-message-2.0.4.tgz",
            "integrity": "sha512-DjssxRGkMvifUOJre00juHoP9DPWuzjxKuMDrhNbk2TdaYYBNMStsNhEOt3idrtI12VQYM/1+iM0KOzXi4pxwQ==",
            "dependencies": {
                "@types/unist": "^2.0.0",
                "unist-util-stringify-position": "^2.0.0"
            },
            "funding": {
                "type": "opencollective",
                "url": "https://opencollective.com/unified"
            }
        },
        "node_modules/stemmer": {
            "version": "1.0.5",
            "resolved": "https://registry.npmjs.org/stemmer/-/stemmer-1.0.5.tgz",
            "integrity": "sha512-SLq7annzSKRDStasOJJoftCSCzBCKmBmH38jC4fDtCunAqOzpTpIm9zmaHmwNJiZ8gLe9qpVdBVbEG2DC5dE2A==",
            "bin": {
                "stemmer": "cli.js"
            },
            "funding": {
                "type": "github",
                "url": "https://github.com/sponsors/wooorm"
            }
        },
        "node_modules/tr46": {
            "version": "0.0.3",
            "resolved": "https://registry.npmjs.org/tr46/-/tr46-0.0.3.tgz",
            "integrity": "sha1-gYT9NH2snNwYWZLzpmIuFLnZq2o="
        },
        "node_modules/unherit": {
            "version": "1.1.3",
            "resolved": "https://registry.npmjs.org/unherit/-/unherit-1.1.3.tgz",
            "integrity": "sha512-Ft16BJcnapDKp0+J/rqFC3Rrk6Y/Ng4nzsC028k2jdDII/rdZ7Wd3pPT/6+vIIxRagwRc9K0IUX0Ra4fKvw+WQ==",
            "dependencies": {
                "inherits": "^2.0.0",
                "xtend": "^4.0.0"
            },
            "funding": {
                "type": "github",
                "url": "https://github.com/sponsors/wooorm"
            }
        },
        "node_modules/unist-util-is": {
            "version": "4.1.0",
            "resolved": "https://registry.npmjs.org/unist-util-is/-/unist-util-is-4.1.0.tgz",
            "integrity": "sha512-ZOQSsnce92GrxSqlnEEseX0gi7GH9zTJZ0p9dtu87WRb/37mMPO2Ilx1s/t9vBHrFhbgweUwb+t7cIn5dxPhZg==",
            "funding": {
                "type": "opencollective",
                "url": "https://opencollective.com/unified"
            }
        },
        "node_modules/unist-util-modify-children": {
            "version": "2.0.0",
            "resolved": "https://registry.npmjs.org/unist-util-modify-children/-/unist-util-modify-children-2.0.0.tgz",
            "integrity": "sha512-HGrj7JQo9DwZt8XFsX8UD4gGqOsIlCih9opG6Y+N11XqkBGKzHo8cvDi+MfQQgiZ7zXRUiQREYHhjOBHERTMdg==",
            "dependencies": {
                "array-iterate": "^1.0.0"
            },
            "funding": {
                "type": "opencollective",
                "url": "https://opencollective.com/unified"
            }
        },
        "node_modules/unist-util-visit": {
            "version": "2.0.3",
            "resolved": "https://registry.npmjs.org/unist-util-visit/-/unist-util-visit-2.0.3.tgz",
            "integrity": "sha512-iJ4/RczbJMkD0712mGktuGpm/U4By4FfDonL7N/9tATGIF4imikjOuagyMY53tnZq3NP6BcmlrHhEKAfGWjh7Q==",
            "dependencies": {
                "@types/unist": "^2.0.0",
                "unist-util-is": "^4.0.0",
                "unist-util-visit-parents": "^3.0.0"
            },
            "funding": {
                "type": "opencollective",
                "url": "https://opencollective.com/unified"
            }
        },
        "node_modules/unist-util-visit-children": {
            "version": "1.1.4",
            "resolved": "https://registry.npmjs.org/unist-util-visit-children/-/unist-util-visit-children-1.1.4.tgz",
            "integrity": "sha512-sA/nXwYRCQVRwZU2/tQWUqJ9JSFM1X3x7JIOsIgSzrFHcfVt6NkzDtKzyxg2cZWkCwGF9CO8x4QNZRJRMK8FeQ==",
            "funding": {
                "type": "opencollective",
                "url": "https://opencollective.com/unified"
            }
        },
        "node_modules/unist-util-visit-parents": {
            "version": "3.1.1",
            "resolved": "https://registry.npmjs.org/unist-util-visit-parents/-/unist-util-visit-parents-3.1.1.tgz",
            "integrity": "sha512-1KROIZWo6bcMrZEwiH2UrXDyalAa0uqzWCxCJj6lPOvTve2WkfgCytoDTPaMnodXh1WrXOq0haVYHj99ynJlsg==",
            "dependencies": {
                "@types/unist": "^2.0.0",
                "unist-util-is": "^4.0.0"
            },
            "funding": {
                "type": "opencollective",
                "url": "https://opencollective.com/unified"
            }
        },
        "node_modules/webidl-conversions": {
            "version": "3.0.1",
            "resolved": "https://registry.npmjs.org/webidl-conversions/-/webidl-conversions-3.0.1.tgz",
            "integrity": "sha1-JFNCdeKnvGvnvIZhHMFq4KVlSHE="
        },
        "node_modules/whatwg-url": {
            "version": "5.0.0",
            "resolved": "https://registry.npmjs.org/whatwg-url/-/whatwg-url-5.0.0.tgz",
            "integrity": "sha1-lmRU6HZUYuN2RNNib2dCzotwll0=",
            "dependencies": {
                "tr46": "~0.0.3",
                "webidl-conversions": "^3.0.0"
            }
        },
        "node_modules/xtend": {
            "version": "4.0.2",
            "resolved": "https://registry.npmjs.org/xtend/-/xtend-4.0.2.tgz",
            "integrity": "sha512-LKYU1iAXJXUgAXn9URjiu+MWhyUXHsvfp7mcuYm9dSUKK0/CjtrUwFAxD82/mCWbtLsGjFIad0wIsod4zrTAEQ==",
            "engines": {
                "node": ">=0.4"
            }
        }
    },
    "dependencies": {
        "@types/unist": {
            "version": "2.0.6",
            "resolved": "https://registry.npmjs.org/@types/unist/-/unist-2.0.6.tgz",
            "integrity": "sha512-PBjIUxZHOuj0R15/xuwJYjFi+KZdNFrehocChv4g5hu6aFroHue8m0lBP0POdK2nKzbw0cgV1mws8+V/JAcEkQ=="
        },
        "array-iterate": {
            "version": "1.1.4",
            "resolved": "https://registry.npmjs.org/array-iterate/-/array-iterate-1.1.4.tgz",
            "integrity": "sha512-sNRaPGh9nnmdC8Zf+pT3UqP8rnWj5Hf9wiFGsX3wUQ2yVSIhO2ShFwCoceIPpB41QF6i2OEmrHmCo36xronCVA=="
        },
        "extend": {
            "version": "3.0.2",
            "resolved": "https://registry.npmjs.org/extend/-/extend-3.0.2.tgz",
            "integrity": "sha512-fjquC59cD7CyW6urNXK0FBufkZcoiGG80wTuPujX590cB5Ttln20E2UB4S/WARVqhXffZl2LNgS+gQdPIIim/g=="
        },
        "inherits": {
            "version": "2.0.4",
            "resolved": "https://registry.npmjs.org/inherits/-/inherits-2.0.4.tgz",
            "integrity": "sha512-k/vGaX4/Yla3WzyMCvTQOXYeIHvqOKtnqBduzTHpzpQZzAskKMhZ2K+EnBiSM9zGSoIFeMpXKxa4dYeZIQqewQ=="
        },
        "is-buffer": {
            "version": "2.0.5",
            "resolved": "https://registry.npmjs.org/is-buffer/-/is-buffer-2.0.5.tgz",
            "integrity": "sha512-i2R6zNFDwgEHJyQUtJEk0XFi1i0dPFn/oqjK3/vPCcDeJvW5NQ83V8QbicfF1SupOaB0h8ntgBC2YiE7dfyctQ=="
        },
        "nlcst-to-string": {
            "version": "2.0.4",
            "resolved": "https://registry.npmjs.org/nlcst-to-string/-/nlcst-to-string-2.0.4.tgz",
            "integrity": "sha512-3x3jwTd6UPG7vi5k4GEzvxJ5rDA7hVUIRNHPblKuMVP9Z3xmlsd9cgLcpAMkc5uPOBna82EeshROFhsPkbnTZg=="
        },
        "node-fetch": {
            "version": "2.6.5",
            "resolved": "https://registry.npmjs.org/node-fetch/-/node-fetch-2.6.5.tgz",
            "integrity": "sha512-mmlIVHJEu5rnIxgEgez6b9GgWXbkZj5YZ7fx+2r94a2E+Uirsp6HsPTPlomfdHtpt/B0cdKviwkoaM6pyvUOpQ==",
            "requires": {
                "whatwg-url": "^5.0.0"
            }
        },
        "parse-latin": {
            "version": "4.3.0",
            "resolved": "https://registry.npmjs.org/parse-latin/-/parse-latin-4.3.0.tgz",
            "integrity": "sha512-TYKL+K98dcAWoCw/Ac1yrPviU8Trk+/gmjQVaoWEFDZmVD4KRg6c/80xKqNNFQObo2mTONgF8trzAf2UTwKafw==",
            "requires": {
                "nlcst-to-string": "^2.0.0",
                "unist-util-modify-children": "^2.0.0",
                "unist-util-visit-children": "^1.0.0"
            }
        },
        "retext": {
            "version": "7.0.1",
            "resolved": "https://registry.npmjs.org/retext/-/retext-7.0.1.tgz",
            "integrity": "sha512-N0IaEDkvUjqyfn3/gwxVfI51IxfGzOiVXqPLWnKeCDbiQdxSg0zebzHPxXWnL7TeplAJ+RE4uqrXyYN//s9HjQ==",
            "requires": {
                "retext-latin": "^2.0.0",
                "retext-stringify": "^2.0.0",
                "unified": "^8.0.0"
            },
            "dependencies": {
                "bail": {
                    "version": "1.0.5",
                    "resolved": "https://registry.npmjs.org/bail/-/bail-1.0.5.tgz",
                    "integrity": "sha512-xFbRxM1tahm08yHBP16MMjVUAvDaBMD38zsM9EMAUN61omwLmKlOpB/Zku5QkjZ8TZ4vn53pj+t518cH0S03RQ=="
                },
                "is-plain-obj": {
                    "version": "2.1.0",
                    "resolved": "https://registry.npmjs.org/is-plain-obj/-/is-plain-obj-2.1.0.tgz",
                    "integrity": "sha512-YWnfyRwxL/+SsrWYfOpUtz5b3YD+nyfkHvjbcanzk8zgyO4ASD67uVMRt8k5bM4lLMDnXfriRhOpemw+NfT1eA=="
                },
                "trough": {
                    "version": "1.0.5",
                    "resolved": "https://registry.npmjs.org/trough/-/trough-1.0.5.tgz",
                    "integrity": "sha512-rvuRbTarPXmMb79SmzEp8aqXNKcK+y0XaB298IXueQ8I2PsrATcPBCSPyK/dDNa2iWOhKlfNnOjdAOTBU/nkFA=="
                },
                "unified": {
                    "version": "8.4.2",
                    "resolved": "https://registry.npmjs.org/unified/-/unified-8.4.2.tgz",
                    "integrity": "sha512-JCrmN13jI4+h9UAyKEoGcDZV+i1E7BLFuG7OsaDvTXI5P0qhHX+vZO/kOhz9jn8HGENDKbwSeB0nVOg4gVStGA==",
                    "requires": {
                        "bail": "^1.0.0",
                        "extend": "^3.0.0",
                        "is-plain-obj": "^2.0.0",
                        "trough": "^1.0.0",
                        "vfile": "^4.0.0"
                    }
                },
                "unist-util-stringify-position": {
                    "version": "2.0.3",
                    "resolved": "https://registry.npmjs.org/unist-util-stringify-position/-/unist-util-stringify-position-2.0.3.tgz",
                    "integrity": "sha512-3faScn5I+hy9VleOq/qNbAd6pAx7iH5jYBMS9I1HgQVijz/4mv5Bvw5iw1sC/90CODiKo81G/ps8AJrISn687g==",
                    "requires": {
                        "@types/unist": "^2.0.2"
                    }
                },
                "vfile": {
                    "version": "4.2.1",
                    "resolved": "https://registry.npmjs.org/vfile/-/vfile-4.2.1.tgz",
                    "integrity": "sha512-O6AE4OskCG5S1emQ/4gl8zK586RqA3srz3nfK/Viy0UPToBc5Trp9BVFb1u0CjsKrAWwnpr4ifM/KBXPWwJbCA==",
                    "requires": {
                        "@types/unist": "^2.0.0",
                        "is-buffer": "^2.0.0",
                        "unist-util-stringify-position": "^2.0.0",
                        "vfile-message": "^2.0.0"
                    }
                },
                "vfile-message": {
                    "version": "2.0.4",
                    "resolved": "https://registry.npmjs.org/vfile-message/-/vfile-message-2.0.4.tgz",
                    "integrity": "sha512-DjssxRGkMvifUOJre00juHoP9DPWuzjxKuMDrhNbk2TdaYYBNMStsNhEOt3idrtI12VQYM/1+iM0KOzXi4pxwQ==",
                    "requires": {
                        "@types/unist": "^2.0.0",
                        "unist-util-stringify-position": "^2.0.0"
                    }
                }
            }
        },
        "retext-keywords": {
            "version": "6.0.0",
            "resolved": "https://registry.npmjs.org/retext-keywords/-/retext-keywords-6.0.0.tgz",
            "integrity": "sha512-jDdindZTevx7uvDPcLG86qsfr6++szKXgGtQ5PjkkCxpEPpnyBeGovlTR7BCfyRatEoLX66iiTmpsY/hhAjbzA==",
            "requires": {
                "nlcst-to-string": "^2.0.0",
                "stemmer": "^1.0.0",
                "unist-util-visit": "^2.0.0"
            }
        },
        "retext-latin": {
            "version": "2.0.4",
            "resolved": "https://registry.npmjs.org/retext-latin/-/retext-latin-2.0.4.tgz",
            "integrity": "sha512-fOoSSoQgDZ+l/uS81oxI3alBghDUPja0JEl0TpQxI6MN+dhM6fLFumPJwMZ4PJTyL5FFAgjlsdv8IX+6IRuwMw==",
            "requires": {
                "parse-latin": "^4.0.0",
                "unherit": "^1.0.4"
            }
        },
        "retext-stringify": {
            "version": "2.0.4",
            "resolved": "https://registry.npmjs.org/retext-stringify/-/retext-stringify-2.0.4.tgz",
            "integrity": "sha512-xOtx5mFJBoT3j7PBtiY2I+mEGERNniofWktI1cKXvjMEJPOuqve0dghLHO1+gz/gScLn4zqspDGv4kk2wS5kSA==",
            "requires": {
                "nlcst-to-string": "^2.0.0"
            }
        },
        "stemmer": {
            "version": "1.0.5",
            "resolved": "https://registry.npmjs.org/stemmer/-/stemmer-1.0.5.tgz",
            "integrity": "sha512-SLq7annzSKRDStasOJJoftCSCzBCKmBmH38jC4fDtCunAqOzpTpIm9zmaHmwNJiZ8gLe9qpVdBVbEG2DC5dE2A=="
        },
        "tr46": {
            "version": "0.0.3",
            "resolved": "https://registry.npmjs.org/tr46/-/tr46-0.0.3.tgz",
            "integrity": "sha1-gYT9NH2snNwYWZLzpmIuFLnZq2o="
        },
        "unherit": {
            "version": "1.1.3",
            "resolved": "https://registry.npmjs.org/unherit/-/unherit-1.1.3.tgz",
            "integrity": "sha512-Ft16BJcnapDKp0+J/rqFC3Rrk6Y/Ng4nzsC028k2jdDII/rdZ7Wd3pPT/6+vIIxRagwRc9K0IUX0Ra4fKvw+WQ==",
            "requires": {
                "inherits": "^2.0.0",
                "xtend": "^4.0.0"
            }
        },
        "unist-util-is": {
            "version": "4.1.0",
            "resolved": "https://registry.npmjs.org/unist-util-is/-/unist-util-is-4.1.0.tgz",
            "integrity": "sha512-ZOQSsnce92GrxSqlnEEseX0gi7GH9zTJZ0p9dtu87WRb/37mMPO2Ilx1s/t9vBHrFhbgweUwb+t7cIn5dxPhZg=="
        },
        "unist-util-modify-children": {
            "version": "2.0.0",
            "resolved": "https://registry.npmjs.org/unist-util-modify-children/-/unist-util-modify-children-2.0.0.tgz",
            "integrity": "sha512-HGrj7JQo9DwZt8XFsX8UD4gGqOsIlCih9opG6Y+N11XqkBGKzHo8cvDi+MfQQgiZ7zXRUiQREYHhjOBHERTMdg==",
            "requires": {
                "array-iterate": "^1.0.0"
            }
        },
        "unist-util-visit": {
            "version": "2.0.3",
            "resolved": "https://registry.npmjs.org/unist-util-visit/-/unist-util-visit-2.0.3.tgz",
            "integrity": "sha512-iJ4/RczbJMkD0712mGktuGpm/U4By4FfDonL7N/9tATGIF4imikjOuagyMY53tnZq3NP6BcmlrHhEKAfGWjh7Q==",
            "requires": {
                "@types/unist": "^2.0.0",
                "unist-util-is": "^4.0.0",
                "unist-util-visit-parents": "^3.0.0"
            }
        },
        "unist-util-visit-children": {
            "version": "1.1.4",
            "resolved": "https://registry.npmjs.org/unist-util-visit-children/-/unist-util-visit-children-1.1.4.tgz",
            "integrity": "sha512-sA/nXwYRCQVRwZU2/tQWUqJ9JSFM1X3x7JIOsIgSzrFHcfVt6NkzDtKzyxg2cZWkCwGF9CO8x4QNZRJRMK8FeQ=="
        },
        "unist-util-visit-parents": {
            "version": "3.1.1",
            "resolved": "https://registry.npmjs.org/unist-util-visit-parents/-/unist-util-visit-parents-3.1.1.tgz",
            "integrity": "sha512-1KROIZWo6bcMrZEwiH2UrXDyalAa0uqzWCxCJj6lPOvTve2WkfgCytoDTPaMnodXh1WrXOq0haVYHj99ynJlsg==",
            "requires": {
                "@types/unist": "^2.0.0",
                "unist-util-is": "^4.0.0"
            }
        },
        "webidl-conversions": {
            "version": "3.0.1",
            "resolved": "https://registry.npmjs.org/webidl-conversions/-/webidl-conversions-3.0.1.tgz",
            "integrity": "sha1-JFNCdeKnvGvnvIZhHMFq4KVlSHE="
        },
        "whatwg-url": {
            "version": "5.0.0",
            "resolved": "https://registry.npmjs.org/whatwg-url/-/whatwg-url-5.0.0.tgz",
            "integrity": "sha1-lmRU6HZUYuN2RNNib2dCzotwll0=",
            "requires": {
                "tr46": "~0.0.3",
                "webidl-conversions": "^3.0.0"
            }
        },
        "xtend": {
            "version": "4.0.2",
            "resolved": "https://registry.npmjs.org/xtend/-/xtend-4.0.2.tgz",
            "integrity": "sha512-LKYU1iAXJXUgAXn9URjiu+MWhyUXHsvfp7mcuYm9dSUKK0/CjtrUwFAxD82/mCWbtLsGjFIad0wIsod4zrTAEQ=="
        }
    }
}
