{
    "name": "buzzword-aws-find-keywords-lambda",
    "version": "1.0.0",
    "lockfileVersion": 2,
    "requires": true,
    "packages": {
        "": {
            "name": "buzzword-aws-find-keywords-lambda",
            "version": "1.0.0",
            "dependencies": {
                "retext": "^8.1.0",
                "retext-keywords": "^7.1.0"
            }
        },
        "node_modules/@types/nlcst": {
            "version": "1.0.0",
            "resolved": "https://registry.npmjs.org/@types/nlcst/-/nlcst-1.0.0.tgz",
            "integrity": "sha512-3TGCfOcy8R8mMQ4CNSNOe3PG66HttvjcLzCoOpvXvDtfWOTi+uT/rxeOKm/qEwbM4SNe1O/PjdiBK2YcTjU4OQ==",
            "dependencies": {
                "@types/unist": "*"
            }
        },
        "node_modules/@types/unist": {
            "version": "2.0.6",
            "resolved": "https://registry.npmjs.org/@types/unist/-/unist-2.0.6.tgz",
            "integrity": "sha512-PBjIUxZHOuj0R15/xuwJYjFi+KZdNFrehocChv4g5hu6aFroHue8m0lBP0POdK2nKzbw0cgV1mws8+V/JAcEkQ=="
        },
        "node_modules/array-iterate": {
            "version": "1.1.4",
            "resolved": "https://registry.npmjs.org/array-iterate/-/array-iterate-1.1.4.tgz",
            "integrity": "sha512-sNRaPGh9nnmdC8Zf+pT3UqP8rnWj5Hf9wiFGsX3wUQ2yVSIhO2ShFwCoceIPpB41QF6i2OEmrHmCo36xronCVA==",
            "funding": {
                "type": "github",
                "url": "https://github.com/sponsors/wooorm"
            }
        },
        "node_modules/bail": {
            "version": "2.0.1",
            "resolved": "https://registry.npmjs.org/bail/-/bail-2.0.1.tgz",
            "integrity": "sha512-d5FoTAr2S5DSUPKl85WNm2yUwsINN8eidIdIwsOge2t33DaOfOdSmmsI11jMN3GmALCXaw+Y6HMVHDzePshFAA==",
            "funding": {
                "type": "github",
                "url": "https://github.com/sponsors/wooorm"
            }
        },
        "node_modules/extend": {
            "version": "3.0.2",
            "resolved": "https://registry.npmjs.org/extend/-/extend-3.0.2.tgz",
            "integrity": "sha512-fjquC59cD7CyW6urNXK0FBufkZcoiGG80wTuPujX590cB5Ttln20E2UB4S/WARVqhXffZl2LNgS+gQdPIIim/g=="
        },
        "node_modules/is-buffer": {
            "version": "2.0.5",
            "resolved": "https://registry.npmjs.org/is-buffer/-/is-buffer-2.0.5.tgz",
            "integrity": "sha512-i2R6zNFDwgEHJyQUtJEk0XFi1i0dPFn/oqjK3/vPCcDeJvW5NQ83V8QbicfF1SupOaB0h8ntgBC2YiE7dfyctQ==",
            "funding": [
                {
                    "type": "github",
                    "url": "https://github.com/sponsors/feross"
                },
                {
                    "type": "patreon",
                    "url": "https://www.patreon.com/feross"
                },
                {
                    "type": "consulting",
                    "url": "https://feross.org/support"
                }
            ],
            "engines": {
                "node": ">=4"
            }
        },
        "node_modules/is-plain-obj": {
            "version": "4.0.0",
            "resolved": "https://registry.npmjs.org/is-plain-obj/-/is-plain-obj-4.0.0.tgz",
            "integrity": "sha512-NXRbBtUdBioI73y/HmOhogw/U5msYPC9DAtGkJXeFcFWSFZw0mCUsPxk/snTuJHzNKA8kLBK4rH97RMB1BfCXw==",
            "engines": {
                "node": ">=12"
            },
            "funding": {
                "url": "https://github.com/sponsors/sindresorhus"
            }
        },
        "node_modules/nlcst-to-string": {
            "version": "2.0.4",
            "resolved": "https://registry.npmjs.org/nlcst-to-string/-/nlcst-to-string-2.0.4.tgz",
            "integrity": "sha512-3x3jwTd6UPG7vi5k4GEzvxJ5rDA7hVUIRNHPblKuMVP9Z3xmlsd9cgLcpAMkc5uPOBna82EeshROFhsPkbnTZg==",
            "funding": {
                "type": "opencollective",
                "url": "https://opencollective.com/unified"
            }
        },
        "node_modules/parse-latin": {
            "version": "5.0.0",
            "resolved": "https://registry.npmjs.org/parse-latin/-/parse-latin-5.0.0.tgz",
            "integrity": "sha512-Ht+4/+AUySMS5HKGAiQpBmkFsHSoGrj6Y83flLCa5OIBdtsVkO3UD4OtboJ0O0vZiOznH02x8qlwg9KLUVXuNg==",
            "dependencies": {
                "nlcst-to-string": "^2.0.0",
                "unist-util-modify-children": "^2.0.0",
                "unist-util-visit-children": "^1.0.0"
            },
            "funding": {
                "type": "github",
                "url": "https://github.com/sponsors/wooorm"
            }
        },
        "node_modules/retext": {
            "version": "8.1.0",
            "resolved": "https://registry.npmjs.org/retext/-/retext-8.1.0.tgz",
            "integrity": "sha512-N9/Kq7YTn6ZpzfiGW45WfEGJqFf1IM1q8OsRa1CGzIebCJBNCANDRmOrholiDRGKo/We7ofKR4SEvcGAWEMD3Q==",
            "dependencies": {
                "@types/nlcst": "^1.0.0",
                "retext-latin": "^3.0.0",
                "retext-stringify": "^3.0.0",
                "unified": "^10.0.0"
            },
            "funding": {
                "type": "opencollective",
                "url": "https://opencollective.com/unified"
            }
        },
        "node_modules/retext-keywords": {
            "version": "7.1.0",
            "resolved": "https://registry.npmjs.org/retext-keywords/-/retext-keywords-7.1.0.tgz",
            "integrity": "sha512-m+xE11hIS4POCidXZ1hv3rTQWDSqwMNfkl5nXfLPbMPM16Akw9RPFKFTl4lwB7XRXyKXo+HmPiMB1HBxfb6VUw==",
            "dependencies": {
                "@types/nlcst": "^1.0.0",
                "nlcst-to-string": "^3.0.0",
                "stemmer": "^2.0.0",
                "unified": "^10.0.0",
                "unist-util-visit": "^4.0.0"
            },
            "funding": {
                "type": "opencollective",
                "url": "https://opencollective.com/unified"
            }
        },
        "node_modules/retext-keywords/node_modules/nlcst-to-string": {
            "version": "3.1.0",
            "resolved": "https://registry.npmjs.org/nlcst-to-string/-/nlcst-to-string-3.1.0.tgz",
            "integrity": "sha512-Y8HQWKw/zrHTCnu2zcFBN1dV6vN0NUG7s5fkEj380G8tF3R+vA2KG+tDl2QoHVQCTHGHVXwoni2RQkDSFQb1PA==",
            "dependencies": {
                "@types/nlcst": "^1.0.0"
            },
            "funding": {
                "type": "opencollective",
                "url": "https://opencollective.com/unified"
            }
        },
        "node_modules/retext-latin": {
            "version": "3.1.0",
            "resolved": "https://registry.npmjs.org/retext-latin/-/retext-latin-3.1.0.tgz",
            "integrity": "sha512-5MrD1tuebzO8ppsja5eEu+ZbBeUNCjoEarn70tkXOS7Bdsdf6tNahsv2bY0Z8VooFF6cw7/6S+d3yI/TMlMVVQ==",
            "dependencies": {
                "@types/nlcst": "^1.0.0",
                "parse-latin": "^5.0.0",
                "unherit": "^3.0.0",
                "unified": "^10.0.0"
            },
            "funding": {
                "type": "opencollective",
                "url": "https://opencollective.com/unified"
            }
        },
        "node_modules/retext-stringify": {
            "version": "3.1.0",
            "resolved": "https://registry.npmjs.org/retext-stringify/-/retext-stringify-3.1.0.tgz",
            "integrity": "sha512-767TLOaoXFXyOnjx/EggXlb37ZD2u4P1n0GJqVdpipqACsQP+20W+BNpMYrlJkq7hxffnFk+jc6mAK9qrbuB8w==",
            "dependencies": {
                "@types/nlcst": "^1.0.0",
                "nlcst-to-string": "^3.0.0",
                "unified": "^10.0.0"
            },
            "funding": {
                "type": "opencollective",
                "url": "https://opencollective.com/unified"
            }
        },
        "node_modules/retext-stringify/node_modules/nlcst-to-string": {
            "version": "3.1.0",
            "resolved": "https://registry.npmjs.org/nlcst-to-string/-/nlcst-to-string-3.1.0.tgz",
            "integrity": "sha512-Y8HQWKw/zrHTCnu2zcFBN1dV6vN0NUG7s5fkEj380G8tF3R+vA2KG+tDl2QoHVQCTHGHVXwoni2RQkDSFQb1PA==",
            "dependencies": {
                "@types/nlcst": "^1.0.0"
            },
            "funding": {
                "type": "opencollective",
                "url": "https://opencollective.com/unified"
            }
        },
        "node_modules/stemmer": {
            "version": "2.0.0",
            "resolved": "https://registry.npmjs.org/stemmer/-/stemmer-2.0.0.tgz",
            "integrity": "sha512-0YS2oMdTZ/wAWUHMMpf7AAJ8Gm6dHXyHddJ0zCu2DIfOfIbdwqAm1bbk4+Vti6gxNIcOrnm5jAP7vYTzQDvc5A==",
            "bin": {
                "stemmer": "cli.js"
            },
            "funding": {
                "type": "github",
                "url": "https://github.com/sponsors/wooorm"
            }
        },
        "node_modules/trough": {
            "version": "2.0.2",
            "resolved": "https://registry.npmjs.org/trough/-/trough-2.0.2.tgz",
            "integrity": "sha512-FnHq5sTMxC0sk957wHDzRnemFnNBvt/gSY99HzK8F7UP5WAbvP70yX5bd7CjEQkN+TjdxwI7g7lJ6podqrG2/w==",
            "funding": {
                "type": "github",
                "url": "https://github.com/sponsors/wooorm"
            }
        },
        "node_modules/unherit": {
            "version": "3.0.0",
            "resolved": "https://registry.npmjs.org/unherit/-/unherit-3.0.0.tgz",
            "integrity": "sha512-UmvIQZGEc9qdLIQ8mv8/61n6PiMgfbOoASPKHpCvII5srShCQSa6jSjBjlZOR4bxt2XnT6uo6csmPKRi+zQ0Jg==",
            "funding": {
                "type": "github",
                "url": "https://github.com/sponsors/wooorm"
            }
        },
        "node_modules/unified": {
            "version": "10.1.0",
            "resolved": "https://registry.npmjs.org/unified/-/unified-10.1.0.tgz",
            "integrity": "sha512-4U3ru/BRXYYhKbwXV6lU6bufLikoAavTwev89H5UxY8enDFaAT2VXmIXYNm6hb5oHPng/EXr77PVyDFcptbk5g==",
            "dependencies": {
                "@types/unist": "^2.0.0",
                "bail": "^2.0.0",
                "extend": "^3.0.0",
                "is-buffer": "^2.0.0",
                "is-plain-obj": "^4.0.0",
                "trough": "^2.0.0",
                "vfile": "^5.0.0"
            },
            "funding": {
                "type": "opencollective",
                "url": "https://opencollective.com/unified"
            }
        },
        "node_modules/unist-util-is": {
            "version": "5.1.1",
            "resolved": "https://registry.npmjs.org/unist-util-is/-/unist-util-is-5.1.1.tgz",
            "integrity": "sha512-F5CZ68eYzuSvJjGhCLPL3cYx45IxkqXSetCcRgUXtbcm50X2L9oOWQlfUfDdAf+6Pd27YDblBfdtmsThXmwpbQ==",
            "funding": {
                "type": "opencollective",
                "url": "https://opencollective.com/unified"
            }
        },
        "node_modules/unist-util-modify-children": {
            "version": "2.0.0",
            "resolved": "https://registry.npmjs.org/unist-util-modify-children/-/unist-util-modify-children-2.0.0.tgz",
            "integrity": "sha512-HGrj7JQo9DwZt8XFsX8UD4gGqOsIlCih9opG6Y+N11XqkBGKzHo8cvDi+MfQQgiZ7zXRUiQREYHhjOBHERTMdg==",
            "dependencies": {
                "array-iterate": "^1.0.0"
            },
            "funding": {
                "type": "opencollective",
                "url": "https://opencollective.com/unified"
            }
        },
        "node_modules/unist-util-stringify-position": {
            "version": "3.0.0",
            "resolved": "https://registry.npmjs.org/unist-util-stringify-position/-/unist-util-stringify-position-3.0.0.tgz",
            "integrity": "sha512-SdfAl8fsDclywZpfMDTVDxA2V7LjtRDTOFd44wUJamgl6OlVngsqWjxvermMYf60elWHbxhuRCZml7AnuXCaSA==",
            "dependencies": {
                "@types/unist": "^2.0.0"
            },
            "funding": {
                "type": "opencollective",
                "url": "https://opencollective.com/unified"
            }
        },
        "node_modules/unist-util-visit": {
            "version": "4.1.0",
            "resolved": "https://registry.npmjs.org/unist-util-visit/-/unist-util-visit-4.1.0.tgz",
            "integrity": "sha512-n7lyhFKJfVZ9MnKtqbsqkQEk5P1KShj0+//V7mAcoI6bpbUjh3C/OG8HVD+pBihfh6Ovl01m8dkcv9HNqYajmQ==",
            "dependencies": {
                "@types/unist": "^2.0.0",
                "unist-util-is": "^5.0.0",
                "unist-util-visit-parents": "^5.0.0"
            },
            "funding": {
                "type": "opencollective",
                "url": "https://opencollective.com/unified"
            }
        },
        "node_modules/unist-util-visit-children": {
            "version": "1.1.4",
            "resolved": "https://registry.npmjs.org/unist-util-visit-children/-/unist-util-visit-children-1.1.4.tgz",
            "integrity": "sha512-sA/nXwYRCQVRwZU2/tQWUqJ9JSFM1X3x7JIOsIgSzrFHcfVt6NkzDtKzyxg2cZWkCwGF9CO8x4QNZRJRMK8FeQ==",
            "funding": {
                "type": "opencollective",
                "url": "https://opencollective.com/unified"
            }
        },
        "node_modules/unist-util-visit-parents": {
            "version": "5.1.0",
            "resolved": "https://registry.npmjs.org/unist-util-visit-parents/-/unist-util-visit-parents-5.1.0.tgz",
            "integrity": "sha512-y+QVLcY5eR/YVpqDsLf/xh9R3Q2Y4HxkZTp7ViLDU6WtJCEcPmRzW1gpdWDCDIqIlhuPDXOgttqPlykrHYDekg==",
            "dependencies": {
                "@types/unist": "^2.0.0",
                "unist-util-is": "^5.0.0"
            },
            "funding": {
                "type": "opencollective",
                "url": "https://opencollective.com/unified"
            }
        },
        "node_modules/vfile": {
            "version": "5.1.0",
            "resolved": "https://registry.npmjs.org/vfile/-/vfile-5.1.0.tgz",
            "integrity": "sha512-4o7/DJjEaFPYSh0ckv5kcYkJTHQgCKdL8ozMM1jLAxO9ox95IzveDPXCZp08HamdWq8JXTkClDvfAKaeLQeKtg==",
            "dependencies": {
                "@types/unist": "^2.0.0",
                "is-buffer": "^2.0.0",
                "unist-util-stringify-position": "^3.0.0",
                "vfile-message": "^3.0.0"
            },
            "funding": {
                "type": "opencollective",
                "url": "https://opencollective.com/unified"
            }
        },
        "node_modules/vfile-message": {
            "version": "3.0.2",
            "resolved": "https://registry.npmjs.org/vfile-message/-/vfile-message-3.0.2.tgz",
            "integrity": "sha512-UUjZYIOg9lDRwwiBAuezLIsu9KlXntdxwG+nXnjuQAHvBpcX3x0eN8h+I7TkY5nkCXj+cWVp4ZqebtGBvok8ww==",
            "dependencies": {
                "@types/unist": "^2.0.0",
                "unist-util-stringify-position": "^3.0.0"
            },
            "funding": {
                "type": "opencollective",
                "url": "https://opencollective.com/unified"
            }
        }
    },
    "dependencies": {
        "@types/nlcst": {
            "version": "1.0.0",
            "resolved": "https://registry.npmjs.org/@types/nlcst/-/nlcst-1.0.0.tgz",
            "integrity": "sha512-3TGCfOcy8R8mMQ4CNSNOe3PG66HttvjcLzCoOpvXvDtfWOTi+uT/rxeOKm/qEwbM4SNe1O/PjdiBK2YcTjU4OQ==",
            "requires": {
                "@types/unist": "*"
            }
        },
        "@types/unist": {
            "version": "2.0.6",
            "resolved": "https://registry.npmjs.org/@types/unist/-/unist-2.0.6.tgz",
            "integrity": "sha512-PBjIUxZHOuj0R15/xuwJYjFi+KZdNFrehocChv4g5hu6aFroHue8m0lBP0POdK2nKzbw0cgV1mws8+V/JAcEkQ=="
        },
        "array-iterate": {
            "version": "1.1.4",
            "resolved": "https://registry.npmjs.org/array-iterate/-/array-iterate-1.1.4.tgz",
            "integrity": "sha512-sNRaPGh9nnmdC8Zf+pT3UqP8rnWj5Hf9wiFGsX3wUQ2yVSIhO2ShFwCoceIPpB41QF6i2OEmrHmCo36xronCVA=="
        },
        "bail": {
            "version": "2.0.1",
            "resolved": "https://registry.npmjs.org/bail/-/bail-2.0.1.tgz",
            "integrity": "sha512-d5FoTAr2S5DSUPKl85WNm2yUwsINN8eidIdIwsOge2t33DaOfOdSmmsI11jMN3GmALCXaw+Y6HMVHDzePshFAA=="
        },
        "extend": {
            "version": "3.0.2",
            "resolved": "https://registry.npmjs.org/extend/-/extend-3.0.2.tgz",
            "integrity": "sha512-fjquC59cD7CyW6urNXK0FBufkZcoiGG80wTuPujX590cB5Ttln20E2UB4S/WARVqhXffZl2LNgS+gQdPIIim/g=="
        },
        "is-buffer": {
            "version": "2.0.5",
            "resolved": "https://registry.npmjs.org/is-buffer/-/is-buffer-2.0.5.tgz",
            "integrity": "sha512-i2R6zNFDwgEHJyQUtJEk0XFi1i0dPFn/oqjK3/vPCcDeJvW5NQ83V8QbicfF1SupOaB0h8ntgBC2YiE7dfyctQ=="
        },
        "is-plain-obj": {
            "version": "4.0.0",
            "resolved": "https://registry.npmjs.org/is-plain-obj/-/is-plain-obj-4.0.0.tgz",
            "integrity": "sha512-NXRbBtUdBioI73y/HmOhogw/U5msYPC9DAtGkJXeFcFWSFZw0mCUsPxk/snTuJHzNKA8kLBK4rH97RMB1BfCXw=="
        },
        "nlcst-to-string": {
            "version": "2.0.4",
            "resolved": "https://registry.npmjs.org/nlcst-to-string/-/nlcst-to-string-2.0.4.tgz",
            "integrity": "sha512-3x3jwTd6UPG7vi5k4GEzvxJ5rDA7hVUIRNHPblKuMVP9Z3xmlsd9cgLcpAMkc5uPOBna82EeshROFhsPkbnTZg=="
        },
        "parse-latin": {
            "version": "5.0.0",
            "resolved": "https://registry.npmjs.org/parse-latin/-/parse-latin-5.0.0.tgz",
            "integrity": "sha512-Ht+4/+AUySMS5HKGAiQpBmkFsHSoGrj6Y83flLCa5OIBdtsVkO3UD4OtboJ0O0vZiOznH02x8qlwg9KLUVXuNg==",
            "requires": {
                "nlcst-to-string": "^2.0.0",
                "unist-util-modify-children": "^2.0.0",
                "unist-util-visit-children": "^1.0.0"
            }
        },
        "retext": {
            "version": "8.1.0",
            "resolved": "https://registry.npmjs.org/retext/-/retext-8.1.0.tgz",
            "integrity": "sha512-N9/Kq7YTn6ZpzfiGW45WfEGJqFf1IM1q8OsRa1CGzIebCJBNCANDRmOrholiDRGKo/We7ofKR4SEvcGAWEMD3Q==",
            "requires": {
                "@types/nlcst": "^1.0.0",
                "retext-latin": "^3.0.0",
                "retext-stringify": "^3.0.0",
                "unified": "^10.0.0"
            }
        },
        "retext-keywords": {
            "version": "7.1.0",
            "resolved": "https://registry.npmjs.org/retext-keywords/-/retext-keywords-7.1.0.tgz",
            "integrity": "sha512-m+xE11hIS4POCidXZ1hv3rTQWDSqwMNfkl5nXfLPbMPM16Akw9RPFKFTl4lwB7XRXyKXo+HmPiMB1HBxfb6VUw==",
            "requires": {
                "@types/nlcst": "^1.0.0",
                "nlcst-to-string": "^3.0.0",
                "stemmer": "^2.0.0",
                "unified": "^10.0.0",
                "unist-util-visit": "^4.0.0"
            },
            "dependencies": {
                "nlcst-to-string": {
                    "version": "3.1.0",
                    "resolved": "https://registry.npmjs.org/nlcst-to-string/-/nlcst-to-string-3.1.0.tgz",
                    "integrity": "sha512-Y8HQWKw/zrHTCnu2zcFBN1dV6vN0NUG7s5fkEj380G8tF3R+vA2KG+tDl2QoHVQCTHGHVXwoni2RQkDSFQb1PA==",
                    "requires": {
                        "@types/nlcst": "^1.0.0"
                    }
                }
            }
        },
        "retext-latin": {
            "version": "3.1.0",
            "resolved": "https://registry.npmjs.org/retext-latin/-/retext-latin-3.1.0.tgz",
            "integrity": "sha512-5MrD1tuebzO8ppsja5eEu+ZbBeUNCjoEarn70tkXOS7Bdsdf6tNahsv2bY0Z8VooFF6cw7/6S+d3yI/TMlMVVQ==",
            "requires": {
                "@types/nlcst": "^1.0.0",
                "parse-latin": "^5.0.0",
                "unherit": "^3.0.0",
                "unified": "^10.0.0"
            }
        },
        "retext-stringify": {
            "version": "3.1.0",
            "resolved": "https://registry.npmjs.org/retext-stringify/-/retext-stringify-3.1.0.tgz",
            "integrity": "sha512-767TLOaoXFXyOnjx/EggXlb37ZD2u4P1n0GJqVdpipqACsQP+20W+BNpMYrlJkq7hxffnFk+jc6mAK9qrbuB8w==",
            "requires": {
                "@types/nlcst": "^1.0.0",
                "nlcst-to-string": "^3.0.0",
                "unified": "^10.0.0"
            },
            "dependencies": {
                "nlcst-to-string": {
                    "version": "3.1.0",
                    "resolved": "https://registry.npmjs.org/nlcst-to-string/-/nlcst-to-string-3.1.0.tgz",
                    "integrity": "sha512-Y8HQWKw/zrHTCnu2zcFBN1dV6vN0NUG7s5fkEj380G8tF3R+vA2KG+tDl2QoHVQCTHGHVXwoni2RQkDSFQb1PA==",
                    "requires": {
                        "@types/nlcst": "^1.0.0"
                    }
                }
            }
        },
        "stemmer": {
            "version": "2.0.0",
            "resolved": "https://registry.npmjs.org/stemmer/-/stemmer-2.0.0.tgz",
            "integrity": "sha512-0YS2oMdTZ/wAWUHMMpf7AAJ8Gm6dHXyHddJ0zCu2DIfOfIbdwqAm1bbk4+Vti6gxNIcOrnm5jAP7vYTzQDvc5A=="
        },
        "trough": {
            "version": "2.0.2",
            "resolved": "https://registry.npmjs.org/trough/-/trough-2.0.2.tgz",
            "integrity": "sha512-FnHq5sTMxC0sk957wHDzRnemFnNBvt/gSY99HzK8F7UP5WAbvP70yX5bd7CjEQkN+TjdxwI7g7lJ6podqrG2/w=="
        },
        "unherit": {
            "version": "3.0.0",
            "resolved": "https://registry.npmjs.org/unherit/-/unherit-3.0.0.tgz",
            "integrity": "sha512-UmvIQZGEc9qdLIQ8mv8/61n6PiMgfbOoASPKHpCvII5srShCQSa6jSjBjlZOR4bxt2XnT6uo6csmPKRi+zQ0Jg=="
        },
        "unified": {
            "version": "10.1.0",
            "resolved": "https://registry.npmjs.org/unified/-/unified-10.1.0.tgz",
            "integrity": "sha512-4U3ru/BRXYYhKbwXV6lU6bufLikoAavTwev89H5UxY8enDFaAT2VXmIXYNm6hb5oHPng/EXr77PVyDFcptbk5g==",
            "requires": {
                "@types/unist": "^2.0.0",
                "bail": "^2.0.0",
                "extend": "^3.0.0",
                "is-buffer": "^2.0.0",
                "is-plain-obj": "^4.0.0",
                "trough": "^2.0.0",
                "vfile": "^5.0.0"
            }
        },
        "unist-util-is": {
            "version": "5.1.1",
            "resolved": "https://registry.npmjs.org/unist-util-is/-/unist-util-is-5.1.1.tgz",
            "integrity": "sha512-F5CZ68eYzuSvJjGhCLPL3cYx45IxkqXSetCcRgUXtbcm50X2L9oOWQlfUfDdAf+6Pd27YDblBfdtmsThXmwpbQ=="
        },
        "unist-util-modify-children": {
            "version": "2.0.0",
            "resolved": "https://registry.npmjs.org/unist-util-modify-children/-/unist-util-modify-children-2.0.0.tgz",
            "integrity": "sha512-HGrj7JQo9DwZt8XFsX8UD4gGqOsIlCih9opG6Y+N11XqkBGKzHo8cvDi+MfQQgiZ7zXRUiQREYHhjOBHERTMdg==",
            "requires": {
                "array-iterate": "^1.0.0"
            }
        },
        "unist-util-stringify-position": {
            "version": "3.0.0",
            "resolved": "https://registry.npmjs.org/unist-util-stringify-position/-/unist-util-stringify-position-3.0.0.tgz",
            "integrity": "sha512-SdfAl8fsDclywZpfMDTVDxA2V7LjtRDTOFd44wUJamgl6OlVngsqWjxvermMYf60elWHbxhuRCZml7AnuXCaSA==",
            "requires": {
                "@types/unist": "^2.0.0"
            }
        },
        "unist-util-visit": {
            "version": "4.1.0",
            "resolved": "https://registry.npmjs.org/unist-util-visit/-/unist-util-visit-4.1.0.tgz",
            "integrity": "sha512-n7lyhFKJfVZ9MnKtqbsqkQEk5P1KShj0+//V7mAcoI6bpbUjh3C/OG8HVD+pBihfh6Ovl01m8dkcv9HNqYajmQ==",
            "requires": {
                "@types/unist": "^2.0.0",
                "unist-util-is": "^5.0.0",
                "unist-util-visit-parents": "^5.0.0"
            }
        },
        "unist-util-visit-children": {
            "version": "1.1.4",
            "resolved": "https://registry.npmjs.org/unist-util-visit-children/-/unist-util-visit-children-1.1.4.tgz",
            "integrity": "sha512-sA/nXwYRCQVRwZU2/tQWUqJ9JSFM1X3x7JIOsIgSzrFHcfVt6NkzDtKzyxg2cZWkCwGF9CO8x4QNZRJRMK8FeQ=="
        },
        "unist-util-visit-parents": {
            "version": "5.1.0",
            "resolved": "https://registry.npmjs.org/unist-util-visit-parents/-/unist-util-visit-parents-5.1.0.tgz",
            "integrity": "sha512-y+QVLcY5eR/YVpqDsLf/xh9R3Q2Y4HxkZTp7ViLDU6WtJCEcPmRzW1gpdWDCDIqIlhuPDXOgttqPlykrHYDekg==",
            "requires": {
                "@types/unist": "^2.0.0",
                "unist-util-is": "^5.0.0"
            }
        },
        "vfile": {
            "version": "5.1.0",
            "resolved": "https://registry.npmjs.org/vfile/-/vfile-5.1.0.tgz",
            "integrity": "sha512-4o7/DJjEaFPYSh0ckv5kcYkJTHQgCKdL8ozMM1jLAxO9ox95IzveDPXCZp08HamdWq8JXTkClDvfAKaeLQeKtg==",
            "requires": {
                "@types/unist": "^2.0.0",
                "is-buffer": "^2.0.0",
                "unist-util-stringify-position": "^3.0.0",
                "vfile-message": "^3.0.0"
            }
        },
        "vfile-message": {
            "version": "3.0.2",
            "resolved": "https://registry.npmjs.org/vfile-message/-/vfile-message-3.0.2.tgz",
            "integrity": "sha512-UUjZYIOg9lDRwwiBAuezLIsu9KlXntdxwG+nXnjuQAHvBpcX3x0eN8h+I7TkY5nkCXj+cWVp4ZqebtGBvok8ww==",
            "requires": {
                "@types/unist": "^2.0.0",
                "unist-util-stringify-position": "^3.0.0"
            }
        }
    }
}
