{
    "name": "buzzword-keyphrase-count-occurrences-lambda",
    "version": "1.0.0",
    "lockfileVersion": 2,
    "requires": true,
    "packages": {
        "": {
            "name": "buzzword-keyphrase-count-occurrences-lambda",
            "version": "1.0.0",
            "dependencies": {
                "lodash.escaperegexp": "4.1.2"
            },
            "devDependencies": {
                "@types/lodash.escaperegexp": "^4.1.7"
            }
        },
        "node_modules/@types/lodash": {
            "version": "4.14.182",
            "resolved": "https://registry.npmjs.org/@types/lodash/-/lodash-4.14.182.tgz",
            "integrity": "sha512-/THyiqyQAP9AfARo4pF+aCGcyiQ94tX/Is2I7HofNRqoYLgN1PBoOWu2/zTA5zMxzP5EFutMtWtGAFRKUe961Q==",
            "dev": true
        },
        "node_modules/@types/lodash.escaperegexp": {
            "version": "4.1.7",
            "resolved": "https://registry.npmjs.org/@types/lodash.escaperegexp/-/lodash.escaperegexp-4.1.7.tgz",
            "integrity": "sha512-2TfHizz0jsnyVkV4X1PMyk6KkibXTBHM43X+6BCR3KE6KgADdbirSF+oiEvPQl6mwuHXZjkxar9d4AFYORgfww==",
            "dev": true,
            "dependencies": {
                "@types/lodash": "*"
            }
        },
        "node_modules/lodash.escaperegexp": {
            "version": "4.1.2",
            "resolved": "https://registry.npmjs.org/lodash.escaperegexp/-/lodash.escaperegexp-4.1.2.tgz",
            "integrity": "sha512-TM9YBvyC84ZxE3rgfefxUWiQKLilstD6k7PTGt6wfbtXF8ixIJLOL3VYyV/z+ZiPLsVxAsKAFVwWlWeb2Y8Yyw=="
        }
    },
    "dependencies": {
        "@types/lodash": {
            "version": "4.14.182",
            "resolved": "https://registry.npmjs.org/@types/lodash/-/lodash-4.14.182.tgz",
            "integrity": "sha512-/THyiqyQAP9AfARo4pF+aCGcyiQ94tX/Is2I7HofNRqoYLgN1PBoOWu2/zTA5zMxzP5EFutMtWtGAFRKUe961Q==",
            "dev": true
        },
        "@types/lodash.escaperegexp": {
            "version": "4.1.7",
            "resolved": "https://registry.npmjs.org/@types/lodash.escaperegexp/-/lodash.escaperegexp-4.1.7.tgz",
            "integrity": "sha512-2TfHizz0jsnyVkV4X1PMyk6KkibXTBHM43X+6BCR3KE6KgADdbirSF+oiEvPQl6mwuHXZjkxar9d4AFYORgfww==",
            "dev": true,
            "requires": {
                "@types/lodash": "*"
            }
        },
        "lodash.escaperegexp": {
            "version": "4.1.2",
            "resolved": "https://registry.npmjs.org/lodash.escaperegexp/-/lodash.escaperegexp-4.1.2.tgz",
            "integrity": "sha512-TM9YBvyC84ZxE3rgfefxUWiQKLilstD6k7PTGt6wfbtXF8ixIJLOL3VYyV/z+ZiPLsVxAsKAFVwWlWeb2Y8Yyw=="
        }
    }
}
