{
    "name": "buzzword-keyphrase-find-keyphrases-lambda",
    "version": "1.0.0",
    "lockfileVersion": 2,
    "requires": true,
    "packages": {
        "": {
            "name": "buzzword-keyphrase-find-keyphrases-lambda",
            "version": "1.0.0",
            "dependencies": {
                "nlcst-to-string": "3.1.0",
                "retext": "8.1.0",
                "retext-keywords": "7.2.0",
                "retext-pos": "4.1.0"
            }
        },
        "node_modules/@types/nlcst": {
            "version": "1.0.0",
            "resolved": "https://registry.npmjs.org/@types/nlcst/-/nlcst-1.0.0.tgz",
            "integrity": "sha512-3TGCfOcy8R8mMQ4CNSNOe3PG66HttvjcLzCoOpvXvDtfWOTi+uT/rxeOKm/qEwbM4SNe1O/PjdiBK2YcTjU4OQ==",
            "dependencies": {
                "@types/unist": "*"
            }
        },
        "node_modules/@types/unist": {
            "version": "2.0.6",
            "resolved": "https://registry.npmjs.org/@types/unist/-/unist-2.0.6.tgz",
            "integrity": "sha512-PBjIUxZHOuj0R15/xuwJYjFi+KZdNFrehocChv4g5hu6aFroHue8m0lBP0POdK2nKzbw0cgV1mws8+V/JAcEkQ=="
        },
        "node_modules/array-iterate": {
            "version": "2.0.1",
            "resolved": "https://registry.npmjs.org/array-iterate/-/array-iterate-2.0.1.tgz",
            "integrity": "sha512-I1jXZMjAgCMmxT4qxXfPXa6SthSoE8h6gkSI9BGGNv8mP8G/v0blc+qFnZu6K42vTOiuME596QaLO0TP3Lk0xg==",
            "funding": {
                "type": "github",
                "url": "https://github.com/sponsors/wooorm"
            }
        },
        "node_modules/bail": {
            "version": "2.0.2",
            "resolved": "https://registry.npmjs.org/bail/-/bail-2.0.2.tgz",
            "integrity": "sha512-0xO6mYd7JB2YesxDKplafRpsiOzPt9V02ddPCLbY1xYGPOX24NTyN50qnUxgCPcSoYMhKpAuBTjQoRZCAkUDRw==",
            "funding": {
                "type": "github",
                "url": "https://github.com/sponsors/wooorm"
            }
        },
        "node_modules/extend": {
            "version": "3.0.2",
            "resolved": "https://registry.npmjs.org/extend/-/extend-3.0.2.tgz",
            "integrity": "sha512-fjquC59cD7CyW6urNXK0FBufkZcoiGG80wTuPujX590cB5Ttln20E2UB4S/WARVqhXffZl2LNgS+gQdPIIim/g=="
        },
        "node_modules/is-buffer": {
            "version": "2.0.5",
            "resolved": "https://registry.npmjs.org/is-buffer/-/is-buffer-2.0.5.tgz",
            "integrity": "sha512-i2R6zNFDwgEHJyQUtJEk0XFi1i0dPFn/oqjK3/vPCcDeJvW5NQ83V8QbicfF1SupOaB0h8ntgBC2YiE7dfyctQ==",
            "funding": [
                {
                    "type": "github",
                    "url": "https://github.com/sponsors/feross"
                },
                {
                    "type": "patreon",
                    "url": "https://www.patreon.com/feross"
                },
                {
                    "type": "consulting",
                    "url": "https://feross.org/support"
                }
            ],
            "engines": {
                "node": ">=4"
            }
        },
        "node_modules/is-plain-obj": {
            "version": "4.1.0",
            "resolved": "https://registry.npmjs.org/is-plain-obj/-/is-plain-obj-4.1.0.tgz",
            "integrity": "sha512-+Pgi+vMuUNkJyExiMBt5IlFoMyKnr5zhJ4Uspz58WOhBF5QoIZkFyNHIbBAtHwzVAgk5RtndVNsDRN61/mmDqg==",
            "engines": {
                "node": ">=12"
            },
            "funding": {
                "url": "https://github.com/sponsors/sindresorhus"
            }
        },
        "node_modules/nlcst-to-string": {
            "version": "3.1.0",
            "resolved": "https://registry.npmjs.org/nlcst-to-string/-/nlcst-to-string-3.1.0.tgz",
            "integrity": "sha512-Y8HQWKw/zrHTCnu2zcFBN1dV6vN0NUG7s5fkEj380G8tF3R+vA2KG+tDl2QoHVQCTHGHVXwoni2RQkDSFQb1PA==",
            "dependencies": {
                "@types/nlcst": "^1.0.0"
            },
            "funding": {
                "type": "opencollective",
                "url": "https://opencollective.com/unified"
            }
        },
        "node_modules/parse-latin": {
            "version": "5.0.1",
            "resolved": "https://registry.npmjs.org/parse-latin/-/parse-latin-5.0.1.tgz",
            "integrity": "sha512-b/K8ExXaWC9t34kKeDV8kGXBkXZ1HCSAZRYE7HR14eA1GlXX5L8iWhs8USJNhQU9q5ci413jCKF0gOyovvyRBg==",
            "dependencies": {
                "nlcst-to-string": "^3.0.0",
                "unist-util-modify-children": "^3.0.0",
                "unist-util-visit-children": "^2.0.0"
            },
            "funding": {
                "type": "github",
                "url": "https://github.com/sponsors/wooorm"
            }
        },
        "node_modules/pos": {
            "version": "0.4.2",
            "resolved": "https://registry.npmjs.org/pos/-/pos-0.4.2.tgz",
            "integrity": "sha1-IOnHf77tzDVoI86mPHWFys6Tvio=",
            "engines": {
                "node": ">=0"
            }
        },
        "node_modules/retext": {
            "version": "8.1.0",
            "resolved": "https://registry.npmjs.org/retext/-/retext-8.1.0.tgz",
            "integrity": "sha512-N9/Kq7YTn6ZpzfiGW45WfEGJqFf1IM1q8OsRa1CGzIebCJBNCANDRmOrholiDRGKo/We7ofKR4SEvcGAWEMD3Q==",
            "dependencies": {
                "@types/nlcst": "^1.0.0",
                "retext-latin": "^3.0.0",
                "retext-stringify": "^3.0.0",
                "unified": "^10.0.0"
            },
            "funding": {
                "type": "opencollective",
                "url": "https://opencollective.com/unified"
            }
        },
        "node_modules/retext-keywords": {
            "version": "7.2.0",
            "resolved": "https://registry.npmjs.org/retext-keywords/-/retext-keywords-7.2.0.tgz",
            "integrity": "sha512-bYIMeuhUO324maKE5t+3DaRVjZc3GD9K3pi4adRWbgBjyHQCDbxQmTebBkpXwVSUkN49IIL5qgeZkm3X0eeUVg==",
            "dependencies": {
                "@types/nlcst": "^1.0.0",
                "nlcst-to-string": "^3.0.0",
                "stemmer": "^2.0.0",
                "unified": "^10.0.0",
                "unist-util-visit": "^4.0.0"
            },
            "funding": {
                "type": "opencollective",
                "url": "https://opencollective.com/unified"
            }
        },
        "node_modules/retext-latin": {
            "version": "3.1.0",
            "resolved": "https://registry.npmjs.org/retext-latin/-/retext-latin-3.1.0.tgz",
            "integrity": "sha512-5MrD1tuebzO8ppsja5eEu+ZbBeUNCjoEarn70tkXOS7Bdsdf6tNahsv2bY0Z8VooFF6cw7/6S+d3yI/TMlMVVQ==",
            "dependencies": {
                "@types/nlcst": "^1.0.0",
                "parse-latin": "^5.0.0",
                "unherit": "^3.0.0",
                "unified": "^10.0.0"
            },
            "funding": {
                "type": "opencollective",
                "url": "https://opencollective.com/unified"
            }
        },
        "node_modules/retext-pos": {
            "version": "4.1.0",
            "resolved": "https://registry.npmjs.org/retext-pos/-/retext-pos-4.1.0.tgz",
            "integrity": "sha512-iTEXWVq2GbZrv7BocOjZiIZTaWqVBQVRj+Lr9TcRJwFAftDdy5vJM/4OQMwZNONWuWKAI0qQsLJEJSOyPIwl1Q==",
            "dependencies": {
                "@types/nlcst": "^1.0.0",
                "nlcst-to-string": "^3.0.0",
                "pos": "^0.4.2",
                "unified": "^10.0.0",
                "unist-util-visit": "^4.0.0"
            },
            "funding": {
                "type": "opencollective",
                "url": "https://opencollective.com/unified"
            }
        },
        "node_modules/retext-stringify": {
            "version": "3.1.0",
            "resolved": "https://registry.npmjs.org/retext-stringify/-/retext-stringify-3.1.0.tgz",
            "integrity": "sha512-767TLOaoXFXyOnjx/EggXlb37ZD2u4P1n0GJqVdpipqACsQP+20W+BNpMYrlJkq7hxffnFk+jc6mAK9qrbuB8w==",
            "dependencies": {
                "@types/nlcst": "^1.0.0",
                "nlcst-to-string": "^3.0.0",
                "unified": "^10.0.0"
            },
            "funding": {
                "type": "opencollective",
                "url": "https://opencollective.com/unified"
            }
        },
        "node_modules/stemmer": {
            "version": "2.0.1",
            "resolved": "https://registry.npmjs.org/stemmer/-/stemmer-2.0.1.tgz",
            "integrity": "sha512-bkWvSX2JR4nSZFfs113kd4C6X13bBBrg4fBKv2pVdzpdQI2LA5pZcWzTFNdkYsiUNl13E4EzymSRjZ0D55jBYg==",
            "bin": {
                "stemmer": "cli.js"
            },
            "funding": {
                "type": "github",
                "url": "https://github.com/sponsors/wooorm"
            }
        },
        "node_modules/trough": {
            "version": "2.1.0",
            "resolved": "https://registry.npmjs.org/trough/-/trough-2.1.0.tgz",
            "integrity": "sha512-AqTiAOLcj85xS7vQ8QkAV41hPDIJ71XJB4RCUrzo/1GM2CQwhkJGaf9Hgr7BOugMRpgGUrqRg/DrBDl4H40+8g==",
            "funding": {
                "type": "github",
                "url": "https://github.com/sponsors/wooorm"
            }
        },
        "node_modules/unherit": {
            "version": "3.0.1",
            "resolved": "https://registry.npmjs.org/unherit/-/unherit-3.0.1.tgz",
            "integrity": "sha512-akOOQ/Yln8a2sgcLj4U0Jmx0R5jpIg2IUyRrWOzmEbjBtGzBdHtSeFKgoEcoH4KYIG/Pb8GQ/BwtYm0GCq1Sqg==",
            "funding": {
                "type": "github",
                "url": "https://github.com/sponsors/wooorm"
            }
        },
        "node_modules/unified": {
            "version": "10.1.2",
            "resolved": "https://registry.npmjs.org/unified/-/unified-10.1.2.tgz",
            "integrity": "sha512-pUSWAi/RAnVy1Pif2kAoeWNBa3JVrx0MId2LASj8G+7AiHWoKZNTomq6LG326T68U7/e263X6fTdcXIy7XnF7Q==",
            "dependencies": {
                "@types/unist": "^2.0.0",
                "bail": "^2.0.0",
                "extend": "^3.0.0",
                "is-buffer": "^2.0.0",
                "is-plain-obj": "^4.0.0",
                "trough": "^2.0.0",
                "vfile": "^5.0.0"
            },
            "funding": {
                "type": "opencollective",
                "url": "https://opencollective.com/unified"
            }
        },
        "node_modules/unist-util-is": {
            "version": "5.1.1",
            "resolved": "https://registry.npmjs.org/unist-util-is/-/unist-util-is-5.1.1.tgz",
            "integrity": "sha512-F5CZ68eYzuSvJjGhCLPL3cYx45IxkqXSetCcRgUXtbcm50X2L9oOWQlfUfDdAf+6Pd27YDblBfdtmsThXmwpbQ==",
            "funding": {
                "type": "opencollective",
                "url": "https://opencollective.com/unified"
            }
        },
        "node_modules/unist-util-modify-children": {
            "version": "3.1.0",
            "resolved": "https://registry.npmjs.org/unist-util-modify-children/-/unist-util-modify-children-3.1.0.tgz",
            "integrity": "sha512-L0UizdncPZ1NIwpmkwFdLo2NaK2Eb5LU/vaQ7lZGkAaOBZfsHp+8T/gVWPVmmMO1hj6gc+XeMoytut8jr7fdyA==",
            "dependencies": {
                "@types/unist": "^2.0.0",
                "array-iterate": "^2.0.0"
            },
            "funding": {
                "type": "opencollective",
                "url": "https://opencollective.com/unified"
            }
        },
        "node_modules/unist-util-stringify-position": {
            "version": "3.0.2",
            "resolved": "https://registry.npmjs.org/unist-util-stringify-position/-/unist-util-stringify-position-3.0.2.tgz",
            "integrity": "sha512-7A6eiDCs9UtjcwZOcCpM4aPII3bAAGv13E96IkawkOAW0OhH+yRxtY0lzo8KiHpzEMfH7Q+FizUmwp8Iqy5EWg==",
            "dependencies": {
                "@types/unist": "^2.0.0"
            },
            "funding": {
                "type": "opencollective",
                "url": "https://opencollective.com/unified"
            }
        },
        "node_modules/unist-util-visit": {
            "version": "4.1.1",
            "resolved": "https://registry.npmjs.org/unist-util-visit/-/unist-util-visit-4.1.1.tgz",
            "integrity": "sha512-n9KN3WV9k4h1DxYR1LoajgN93wpEi/7ZplVe02IoB4gH5ctI1AaF2670BLHQYbwj+pY83gFtyeySFiyMHJklrg==",
            "dependencies": {
                "@types/unist": "^2.0.0",
                "unist-util-is": "^5.0.0",
                "unist-util-visit-parents": "^5.1.1"
            },
            "funding": {
                "type": "opencollective",
                "url": "https://opencollective.com/unified"
            }
        },
        "node_modules/unist-util-visit-children": {
            "version": "2.0.1",
            "resolved": "https://registry.npmjs.org/unist-util-visit-children/-/unist-util-visit-children-2.0.1.tgz",
            "integrity": "sha512-2cEU3dhV1hMfO9ajwb8rJsDedMfsahsm6fCfR8LxDR/w7KcB5lzHQ9dBTQIXsWGNWBFH5MPmaFP3Xh0dWLqClQ==",
            "dependencies": {
                "@types/unist": "^2.0.0"
            },
            "funding": {
                "type": "opencollective",
                "url": "https://opencollective.com/unified"
            }
        },
        "node_modules/unist-util-visit-parents": {
            "version": "5.1.1",
            "resolved": "https://registry.npmjs.org/unist-util-visit-parents/-/unist-util-visit-parents-5.1.1.tgz",
            "integrity": "sha512-gks4baapT/kNRaWxuGkl5BIhoanZo7sC/cUT/JToSRNL1dYoXRFl75d++NkjYk4TAu2uv2Px+l8guMajogeuiw==",
            "dependencies": {
                "@types/unist": "^2.0.0",
                "unist-util-is": "^5.0.0"
            },
            "funding": {
                "type": "opencollective",
                "url": "https://opencollective.com/unified"
            }
        },
        "node_modules/vfile": {
            "version": "5.3.6",
            "resolved": "https://registry.npmjs.org/vfile/-/vfile-5.3.6.tgz",
            "integrity": "sha512-ADBsmerdGBs2WYckrLBEmuETSPyTD4TuLxTrw0DvjirxW1ra4ZwkbzG8ndsv3Q57smvHxo677MHaQrY9yxH8cA==",
            "dependencies": {
                "@types/unist": "^2.0.0",
                "is-buffer": "^2.0.0",
                "unist-util-stringify-position": "^3.0.0",
                "vfile-message": "^3.0.0"
            },
            "funding": {
                "type": "opencollective",
                "url": "https://opencollective.com/unified"
            }
        },
        "node_modules/vfile-message": {
            "version": "3.1.3",
            "resolved": "https://registry.npmjs.org/vfile-message/-/vfile-message-3.1.3.tgz",
            "integrity": "sha512-0yaU+rj2gKAyEk12ffdSbBfjnnj+b1zqTBv3OQCTn8yEB02bsPizwdBPrLJjHnK+cU9EMMcUnNv938XcZIkmdA==",
            "dependencies": {
                "@types/unist": "^2.0.0",
                "unist-util-stringify-position": "^3.0.0"
            },
            "funding": {
                "type": "opencollective",
                "url": "https://opencollective.com/unified"
            }
        }
    },
    "dependencies": {
        "@types/nlcst": {
            "version": "1.0.0",
            "resolved": "https://registry.npmjs.org/@types/nlcst/-/nlcst-1.0.0.tgz",
            "integrity": "sha512-3TGCfOcy8R8mMQ4CNSNOe3PG66HttvjcLzCoOpvXvDtfWOTi+uT/rxeOKm/qEwbM4SNe1O/PjdiBK2YcTjU4OQ==",
            "requires": {
                "@types/unist": "*"
            }
        },
        "@types/unist": {
            "version": "2.0.6",
            "resolved": "https://registry.npmjs.org/@types/unist/-/unist-2.0.6.tgz",
            "integrity": "sha512-PBjIUxZHOuj0R15/xuwJYjFi+KZdNFrehocChv4g5hu6aFroHue8m0lBP0POdK2nKzbw0cgV1mws8+V/JAcEkQ=="
        },
        "array-iterate": {
            "version": "2.0.1",
            "resolved": "https://registry.npmjs.org/array-iterate/-/array-iterate-2.0.1.tgz",
            "integrity": "sha512-I1jXZMjAgCMmxT4qxXfPXa6SthSoE8h6gkSI9BGGNv8mP8G/v0blc+qFnZu6K42vTOiuME596QaLO0TP3Lk0xg=="
        },
        "bail": {
            "version": "2.0.2",
            "resolved": "https://registry.npmjs.org/bail/-/bail-2.0.2.tgz",
            "integrity": "sha512-0xO6mYd7JB2YesxDKplafRpsiOzPt9V02ddPCLbY1xYGPOX24NTyN50qnUxgCPcSoYMhKpAuBTjQoRZCAkUDRw=="
        },
        "extend": {
            "version": "3.0.2",
            "resolved": "https://registry.npmjs.org/extend/-/extend-3.0.2.tgz",
            "integrity": "sha512-fjquC59cD7CyW6urNXK0FBufkZcoiGG80wTuPujX590cB5Ttln20E2UB4S/WARVqhXffZl2LNgS+gQdPIIim/g=="
        },
        "is-buffer": {
            "version": "2.0.5",
            "resolved": "https://registry.npmjs.org/is-buffer/-/is-buffer-2.0.5.tgz",
            "integrity": "sha512-i2R6zNFDwgEHJyQUtJEk0XFi1i0dPFn/oqjK3/vPCcDeJvW5NQ83V8QbicfF1SupOaB0h8ntgBC2YiE7dfyctQ=="
        },
        "is-plain-obj": {
            "version": "4.1.0",
            "resolved": "https://registry.npmjs.org/is-plain-obj/-/is-plain-obj-4.1.0.tgz",
            "integrity": "sha512-+Pgi+vMuUNkJyExiMBt5IlFoMyKnr5zhJ4Uspz58WOhBF5QoIZkFyNHIbBAtHwzVAgk5RtndVNsDRN61/mmDqg=="
        },
        "nlcst-to-string": {
            "version": "3.1.0",
            "resolved": "https://registry.npmjs.org/nlcst-to-string/-/nlcst-to-string-3.1.0.tgz",
            "integrity": "sha512-Y8HQWKw/zrHTCnu2zcFBN1dV6vN0NUG7s5fkEj380G8tF3R+vA2KG+tDl2QoHVQCTHGHVXwoni2RQkDSFQb1PA==",
            "requires": {
                "@types/nlcst": "^1.0.0"
            }
        },
        "parse-latin": {
            "version": "5.0.1",
            "resolved": "https://registry.npmjs.org/parse-latin/-/parse-latin-5.0.1.tgz",
            "integrity": "sha512-b/K8ExXaWC9t34kKeDV8kGXBkXZ1HCSAZRYE7HR14eA1GlXX5L8iWhs8USJNhQU9q5ci413jCKF0gOyovvyRBg==",
            "requires": {
                "nlcst-to-string": "^3.0.0",
                "unist-util-modify-children": "^3.0.0",
                "unist-util-visit-children": "^2.0.0"
            }
        },
        "pos": {
            "version": "0.4.2",
            "resolved": "https://registry.npmjs.org/pos/-/pos-0.4.2.tgz",
            "integrity": "sha1-IOnHf77tzDVoI86mPHWFys6Tvio="
        },
        "retext": {
            "version": "8.1.0",
            "resolved": "https://registry.npmjs.org/retext/-/retext-8.1.0.tgz",
            "integrity": "sha512-N9/Kq7YTn6ZpzfiGW45WfEGJqFf1IM1q8OsRa1CGzIebCJBNCANDRmOrholiDRGKo/We7ofKR4SEvcGAWEMD3Q==",
            "requires": {
                "@types/nlcst": "^1.0.0",
                "retext-latin": "^3.0.0",
                "retext-stringify": "^3.0.0",
                "unified": "^10.0.0"
            }
        },
        "retext-keywords": {
            "version": "7.2.0",
            "resolved": "https://registry.npmjs.org/retext-keywords/-/retext-keywords-7.2.0.tgz",
            "integrity": "sha512-bYIMeuhUO324maKE5t+3DaRVjZc3GD9K3pi4adRWbgBjyHQCDbxQmTebBkpXwVSUkN49IIL5qgeZkm3X0eeUVg==",
            "requires": {
                "@types/nlcst": "^1.0.0",
                "nlcst-to-string": "^3.0.0",
                "stemmer": "^2.0.0",
                "unified": "^10.0.0",
                "unist-util-visit": "^4.0.0"
            }
        },
        "retext-latin": {
            "version": "3.1.0",
            "resolved": "https://registry.npmjs.org/retext-latin/-/retext-latin-3.1.0.tgz",
            "integrity": "sha512-5MrD1tuebzO8ppsja5eEu+ZbBeUNCjoEarn70tkXOS7Bdsdf6tNahsv2bY0Z8VooFF6cw7/6S+d3yI/TMlMVVQ==",
            "requires": {
                "@types/nlcst": "^1.0.0",
                "parse-latin": "^5.0.0",
                "unherit": "^3.0.0",
                "unified": "^10.0.0"
            }
        },
        "retext-pos": {
            "version": "4.1.0",
            "resolved": "https://registry.npmjs.org/retext-pos/-/retext-pos-4.1.0.tgz",
            "integrity": "sha512-iTEXWVq2GbZrv7BocOjZiIZTaWqVBQVRj+Lr9TcRJwFAftDdy5vJM/4OQMwZNONWuWKAI0qQsLJEJSOyPIwl1Q==",
            "requires": {
                "@types/nlcst": "^1.0.0",
                "nlcst-to-string": "^3.0.0",
                "pos": "^0.4.2",
                "unified": "^10.0.0",
                "unist-util-visit": "^4.0.0"
            }
        },
        "retext-stringify": {
            "version": "3.1.0",
            "resolved": "https://registry.npmjs.org/retext-stringify/-/retext-stringify-3.1.0.tgz",
            "integrity": "sha512-767TLOaoXFXyOnjx/EggXlb37ZD2u4P1n0GJqVdpipqACsQP+20W+BNpMYrlJkq7hxffnFk+jc6mAK9qrbuB8w==",
            "requires": {
                "@types/nlcst": "^1.0.0",
                "nlcst-to-string": "^3.0.0",
                "unified": "^10.0.0"
            }
        },
        "stemmer": {
            "version": "2.0.1",
            "resolved": "https://registry.npmjs.org/stemmer/-/stemmer-2.0.1.tgz",
            "integrity": "sha512-bkWvSX2JR4nSZFfs113kd4C6X13bBBrg4fBKv2pVdzpdQI2LA5pZcWzTFNdkYsiUNl13E4EzymSRjZ0D55jBYg=="
        },
        "trough": {
            "version": "2.1.0",
            "resolved": "https://registry.npmjs.org/trough/-/trough-2.1.0.tgz",
            "integrity": "sha512-AqTiAOLcj85xS7vQ8QkAV41hPDIJ71XJB4RCUrzo/1GM2CQwhkJGaf9Hgr7BOugMRpgGUrqRg/DrBDl4H40+8g=="
        },
        "unherit": {
            "version": "3.0.1",
            "resolved": "https://registry.npmjs.org/unherit/-/unherit-3.0.1.tgz",
            "integrity": "sha512-akOOQ/Yln8a2sgcLj4U0Jmx0R5jpIg2IUyRrWOzmEbjBtGzBdHtSeFKgoEcoH4KYIG/Pb8GQ/BwtYm0GCq1Sqg=="
        },
        "unified": {
            "version": "10.1.2",
            "resolved": "https://registry.npmjs.org/unified/-/unified-10.1.2.tgz",
            "integrity": "sha512-pUSWAi/RAnVy1Pif2kAoeWNBa3JVrx0MId2LASj8G+7AiHWoKZNTomq6LG326T68U7/e263X6fTdcXIy7XnF7Q==",
            "requires": {
                "@types/unist": "^2.0.0",
                "bail": "^2.0.0",
                "extend": "^3.0.0",
                "is-buffer": "^2.0.0",
                "is-plain-obj": "^4.0.0",
                "trough": "^2.0.0",
                "vfile": "^5.0.0"
            }
        },
        "unist-util-is": {
            "version": "5.1.1",
            "resolved": "https://registry.npmjs.org/unist-util-is/-/unist-util-is-5.1.1.tgz",
            "integrity": "sha512-F5CZ68eYzuSvJjGhCLPL3cYx45IxkqXSetCcRgUXtbcm50X2L9oOWQlfUfDdAf+6Pd27YDblBfdtmsThXmwpbQ=="
        },
        "unist-util-modify-children": {
            "version": "3.1.0",
            "resolved": "https://registry.npmjs.org/unist-util-modify-children/-/unist-util-modify-children-3.1.0.tgz",
            "integrity": "sha512-L0UizdncPZ1NIwpmkwFdLo2NaK2Eb5LU/vaQ7lZGkAaOBZfsHp+8T/gVWPVmmMO1hj6gc+XeMoytut8jr7fdyA==",
            "requires": {
                "@types/unist": "^2.0.0",
                "array-iterate": "^2.0.0"
            }
        },
        "unist-util-stringify-position": {
            "version": "3.0.2",
            "resolved": "https://registry.npmjs.org/unist-util-stringify-position/-/unist-util-stringify-position-3.0.2.tgz",
            "integrity": "sha512-7A6eiDCs9UtjcwZOcCpM4aPII3bAAGv13E96IkawkOAW0OhH+yRxtY0lzo8KiHpzEMfH7Q+FizUmwp8Iqy5EWg==",
            "requires": {
                "@types/unist": "^2.0.0"
            }
        },
        "unist-util-visit": {
            "version": "4.1.1",
            "resolved": "https://registry.npmjs.org/unist-util-visit/-/unist-util-visit-4.1.1.tgz",
            "integrity": "sha512-n9KN3WV9k4h1DxYR1LoajgN93wpEi/7ZplVe02IoB4gH5ctI1AaF2670BLHQYbwj+pY83gFtyeySFiyMHJklrg==",
            "requires": {
                "@types/unist": "^2.0.0",
                "unist-util-is": "^5.0.0",
                "unist-util-visit-parents": "^5.1.1"
            }
        },
        "unist-util-visit-children": {
            "version": "2.0.1",
            "resolved": "https://registry.npmjs.org/unist-util-visit-children/-/unist-util-visit-children-2.0.1.tgz",
            "integrity": "sha512-2cEU3dhV1hMfO9ajwb8rJsDedMfsahsm6fCfR8LxDR/w7KcB5lzHQ9dBTQIXsWGNWBFH5MPmaFP3Xh0dWLqClQ==",
            "requires": {
                "@types/unist": "^2.0.0"
            }
        },
        "unist-util-visit-parents": {
            "version": "5.1.1",
            "resolved": "https://registry.npmjs.org/unist-util-visit-parents/-/unist-util-visit-parents-5.1.1.tgz",
            "integrity": "sha512-gks4baapT/kNRaWxuGkl5BIhoanZo7sC/cUT/JToSRNL1dYoXRFl75d++NkjYk4TAu2uv2Px+l8guMajogeuiw==",
            "requires": {
                "@types/unist": "^2.0.0",
                "unist-util-is": "^5.0.0"
            }
        },
        "vfile": {
            "version": "5.3.6",
            "resolved": "https://registry.npmjs.org/vfile/-/vfile-5.3.6.tgz",
            "integrity": "sha512-ADBsmerdGBs2WYckrLBEmuETSPyTD4TuLxTrw0DvjirxW1ra4ZwkbzG8ndsv3Q57smvHxo677MHaQrY9yxH8cA==",
            "requires": {
                "@types/unist": "^2.0.0",
                "is-buffer": "^2.0.0",
                "unist-util-stringify-position": "^3.0.0",
                "vfile-message": "^3.0.0"
            }
        },
        "vfile-message": {
            "version": "3.1.3",
            "resolved": "https://registry.npmjs.org/vfile-message/-/vfile-message-3.1.3.tgz",
            "integrity": "sha512-0yaU+rj2gKAyEk12ffdSbBfjnnj+b1zqTBv3OQCTn8yEB02bsPizwdBPrLJjHnK+cU9EMMcUnNv938XcZIkmdA==",
            "requires": {
                "@types/unist": "^2.0.0",
                "unist-util-stringify-position": "^3.0.0"
            }
        }
    }
}
