{
    "name": "buzzword-keyphrase-update-connections-lambda",
    "version": "1.0.0",
    "lockfileVersion": 2,
    "requires": true,
    "packages": {
        "": {
            "name": "buzzword-keyphrase-update-connections-lambda",
            "version": "1.0.0",
            "dependencies": {
                "lodash": "4.17.21"
            },
            "devDependencies": {
                "@types/lodash": "^4.14.188"
            }
        },
        "node_modules/@types/lodash": {
            "version": "4.14.188",
            "resolved": "https://registry.npmjs.org/@types/lodash/-/lodash-4.14.188.tgz",
            "integrity": "sha512-zmEmF5OIM3rb7SbLCFYoQhO4dGt2FRM9AMkxvA3LaADOF1n8in/zGJlWji9fmafLoNyz+FoL6FE0SLtGIArD7w==",
            "dev": true
        },
        "node_modules/lodash": {
            "version": "4.17.21",
            "resolved": "https://registry.npmjs.org/lodash/-/lodash-4.17.21.tgz",
            "integrity": "sha512-v2kDEe57lecTulaDIuNTPy3Ry4gLGJ6Z1O3vE1krgXZNrsQ+LFTGHVxVjcXPs17LhbZVGedAJv8XZ1tvj5FvSg=="
        }
    },
    "dependencies": {
        "@types/lodash": {
            "version": "4.14.188",
            "resolved": "https://registry.npmjs.org/@types/lodash/-/lodash-4.14.188.tgz",
            "integrity": "sha512-zmEmF5OIM3rb7SbLCFYoQhO4dGt2FRM9AMkxvA3LaADOF1n8in/zGJlWji9fmafLoNyz+FoL6FE0SLtGIArD7w==",
            "dev": true
        },
        "lodash": {
            "version": "4.17.21",
            "resolved": "https://registry.npmjs.org/lodash/-/lodash-4.17.21.tgz",
            "integrity": "sha512-v2kDEe57lecTulaDIuNTPy3Ry4gLGJ6Z1O3vE1krgXZNrsQ+LFTGHVxVjcXPs17LhbZVGedAJv8XZ1tvj5FvSg=="
        }
    }
}
