{
    "name": "buzzword-aws-crawl",
    "version": "1.0.0",
    "lockfileVersion": 2,
    "requires": true,
    "packages": {
        "": {
            "name": "buzzword-aws-crawl",
            "version": "1.0.0",
            "devDependencies": {
                "buzzword-aws-crawl-common": "file:common"
            }
        },
        "common": {
            "name": "buzzword-aws-crawl-common",
            "version": "1.0.0",
            "dev": true
        },
        "node_modules/buzzword-aws-crawl-common": {
            "resolved": "common",
            "link": true
        }
    },
    "dependencies": {
        "buzzword-aws-crawl-common": {
            "version": "file:common"
        }
    }
}
