{
    "name": "buzzword-aws-keyphrase-service-scrape-url-lambda",
    "version": "1.0.0",
    "lockfileVersion": 2,
    "requires": true,
    "packages": {
        "": {
            "name": "buzzword-aws-keyphrase-service-scrape-url-lambda",
            "version": "1.0.0",
            "dependencies": {
                "ajv": "8.8.2",
                "htmlparser2": "8.0.1"
            }
        },
        "node_modules/ajv": {
            "version": "8.8.2",
            "resolved": "https://registry.npmjs.org/ajv/-/ajv-8.8.2.tgz",
            "integrity": "sha512-x9VuX+R/jcFj1DHo/fCp99esgGDWiHENrKxaCENuCxpoMCmAt/COCGVDwA7kleEpEzJjDnvh3yGoOuLu0Dtllw==",
            "dependencies": {
                "fast-deep-equal": "^3.1.1",
                "json-schema-traverse": "^1.0.0",
                "require-from-string": "^2.0.2",
                "uri-js": "^4.2.2"
            },
            "funding": {
                "type": "github",
                "url": "https://github.com/sponsors/epoberezkin"
            }
        },
        "node_modules/dom-serializer": {
            "version": "2.0.0",
            "resolved": "https://registry.npmjs.org/dom-serializer/-/dom-serializer-2.0.0.tgz",
            "integrity": "sha512-wIkAryiqt/nV5EQKqQpo3SToSOV9J0DnbJqwK7Wv/Trc92zIAYZ4FlMu+JPFW1DfGFt81ZTCGgDEabffXeLyJg==",
            "dependencies": {
                "domelementtype": "^2.3.0",
                "domhandler": "^5.0.2",
                "entities": "^4.2.0"
            },
            "funding": {
                "url": "https://github.com/cheeriojs/dom-serializer?sponsor=1"
            }
        },
        "node_modules/domelementtype": {
            "version": "2.3.0",
            "resolved": "https://registry.npmjs.org/domelementtype/-/domelementtype-2.3.0.tgz",
            "integrity": "sha512-OLETBj6w0OsagBwdXnPdN0cnMfF9opN69co+7ZrbfPGrdpPVNBUj02spi6B1N7wChLQiPn4CSH/zJvXw56gmHw==",
            "funding": [
                {
                    "type": "github",
                    "url": "https://github.com/sponsors/fb55"
                }
            ]
        },
        "node_modules/domhandler": {
            "version": "5.0.3",
            "resolved": "https://registry.npmjs.org/domhandler/-/domhandler-5.0.3.tgz",
            "integrity": "sha512-cgwlv/1iFQiFnU96XXgROh8xTeetsnJiDsTc7TYCLFd9+/WNkIqPTxiM/8pSd8VIrhXGTf1Ny1q1hquVqDJB5w==",
            "dependencies": {
                "domelementtype": "^2.3.0"
            },
            "engines": {
                "node": ">= 4"
            },
            "funding": {
                "url": "https://github.com/fb55/domhandler?sponsor=1"
            }
        },
        "node_modules/domutils": {
            "version": "3.0.1",
            "resolved": "https://registry.npmjs.org/domutils/-/domutils-3.0.1.tgz",
            "integrity": "sha512-z08c1l761iKhDFtfXO04C7kTdPBLi41zwOZl00WS8b5eiaebNpY00HKbztwBq+e3vyqWNwWF3mP9YLUeqIrF+Q==",
            "dependencies": {
                "dom-serializer": "^2.0.0",
                "domelementtype": "^2.3.0",
                "domhandler": "^5.0.1"
            },
            "funding": {
                "url": "https://github.com/fb55/domutils?sponsor=1"
            }
        },
        "node_modules/entities": {
            "version": "4.3.1",
            "resolved": "https://registry.npmjs.org/entities/-/entities-4.3.1.tgz",
            "integrity": "sha512-o4q/dYJlmyjP2zfnaWDUC6A3BQFmVTX+tZPezK7k0GLSU9QYCauscf5Y+qcEPzKL+EixVouYDgLQK5H9GrLpkg==",
            "engines": {
                "node": ">=0.12"
            },
            "funding": {
                "url": "https://github.com/fb55/entities?sponsor=1"
            }
        },
        "node_modules/fast-deep-equal": {
            "version": "3.1.3",
            "resolved": "https://registry.npmjs.org/fast-deep-equal/-/fast-deep-equal-3.1.3.tgz",
            "integrity": "sha512-f3qQ9oQy9j2AhBe/H9VC91wLmKBCCU/gDOnKNAYG5hswO7BLKj09Hc5HYNz9cGI++xlpDCIgDaitVs03ATR84Q=="
        },
        "node_modules/htmlparser2": {
            "version": "8.0.1",
            "resolved": "https://registry.npmjs.org/htmlparser2/-/htmlparser2-8.0.1.tgz",
            "integrity": "sha512-4lVbmc1diZC7GUJQtRQ5yBAeUCL1exyMwmForWkRLnwyzWBFxN633SALPMGYaWZvKe9j1pRZJpauvmxENSp/EA==",
            "funding": [
                "https://github.com/fb55/htmlparser2?sponsor=1",
                {
                    "type": "github",
                    "url": "https://github.com/sponsors/fb55"
                }
            ],
            "dependencies": {
                "domelementtype": "^2.3.0",
                "domhandler": "^5.0.2",
                "domutils": "^3.0.1",
                "entities": "^4.3.0"
            }
        },
        "node_modules/json-schema-traverse": {
            "version": "1.0.0",
            "resolved": "https://registry.npmjs.org/json-schema-traverse/-/json-schema-traverse-1.0.0.tgz",
            "integrity": "sha512-NM8/P9n3XjXhIZn1lLhkFaACTOURQXjWhV4BA/RnOv8xvgqtqpAX9IO4mRQxSx1Rlo4tqzeqb0sOlruaOy3dug=="
        },
        "node_modules/punycode": {
            "version": "2.1.1",
            "resolved": "https://registry.npmjs.org/punycode/-/punycode-2.1.1.tgz",
            "integrity": "sha512-XRsRjdf+j5ml+y/6GKHPZbrF/8p2Yga0JPtdqTIY2Xe5ohJPD9saDJJLPvp9+NSBprVvevdXZybnj2cv8OEd0A==",
            "engines": {
                "node": ">=6"
            }
        },
        "node_modules/require-from-string": {
            "version": "2.0.2",
            "resolved": "https://registry.npmjs.org/require-from-string/-/require-from-string-2.0.2.tgz",
            "integrity": "sha512-Xf0nWe6RseziFMu+Ap9biiUbmplq6S9/p+7w7YXP/JBHhrUDDUhwa+vANyubuqfZWTveU//DYVGsDG7RKL/vEw==",
            "engines": {
                "node": ">=0.10.0"
            }
        },
        "node_modules/uri-js": {
            "version": "4.4.1",
            "resolved": "https://registry.npmjs.org/uri-js/-/uri-js-4.4.1.tgz",
            "integrity": "sha512-7rKUyy33Q1yc98pQ1DAmLtwX109F7TIfWlW1Ydo8Wl1ii1SeHieeh0HHfPeL2fMXK6z0s8ecKs9frCuLJvndBg==",
            "dependencies": {
                "punycode": "^2.1.0"
            }
        }
    },
    "dependencies": {
        "ajv": {
            "version": "8.8.2",
            "resolved": "https://registry.npmjs.org/ajv/-/ajv-8.8.2.tgz",
            "integrity": "sha512-x9VuX+R/jcFj1DHo/fCp99esgGDWiHENrKxaCENuCxpoMCmAt/COCGVDwA7kleEpEzJjDnvh3yGoOuLu0Dtllw==",
            "requires": {
                "fast-deep-equal": "^3.1.1",
                "json-schema-traverse": "^1.0.0",
                "require-from-string": "^2.0.2",
                "uri-js": "^4.2.2"
            }
        },
        "dom-serializer": {
            "version": "2.0.0",
            "resolved": "https://registry.npmjs.org/dom-serializer/-/dom-serializer-2.0.0.tgz",
            "integrity": "sha512-wIkAryiqt/nV5EQKqQpo3SToSOV9J0DnbJqwK7Wv/Trc92zIAYZ4FlMu+JPFW1DfGFt81ZTCGgDEabffXeLyJg==",
            "requires": {
                "domelementtype": "^2.3.0",
                "domhandler": "^5.0.2",
                "entities": "^4.2.0"
            }
        },
        "domelementtype": {
            "version": "2.3.0",
            "resolved": "https://registry.npmjs.org/domelementtype/-/domelementtype-2.3.0.tgz",
            "integrity": "sha512-OLETBj6w0OsagBwdXnPdN0cnMfF9opN69co+7ZrbfPGrdpPVNBUj02spi6B1N7wChLQiPn4CSH/zJvXw56gmHw=="
        },
        "domhandler": {
            "version": "5.0.3",
            "resolved": "https://registry.npmjs.org/domhandler/-/domhandler-5.0.3.tgz",
            "integrity": "sha512-cgwlv/1iFQiFnU96XXgROh8xTeetsnJiDsTc7TYCLFd9+/WNkIqPTxiM/8pSd8VIrhXGTf1Ny1q1hquVqDJB5w==",
            "requires": {
                "domelementtype": "^2.3.0"
            }
        },
        "domutils": {
            "version": "3.0.1",
            "resolved": "https://registry.npmjs.org/domutils/-/domutils-3.0.1.tgz",
            "integrity": "sha512-z08c1l761iKhDFtfXO04C7kTdPBLi41zwOZl00WS8b5eiaebNpY00HKbztwBq+e3vyqWNwWF3mP9YLUeqIrF+Q==",
            "requires": {
                "dom-serializer": "^2.0.0",
                "domelementtype": "^2.3.0",
                "domhandler": "^5.0.1"
            }
        },
        "entities": {
            "version": "4.3.1",
            "resolved": "https://registry.npmjs.org/entities/-/entities-4.3.1.tgz",
            "integrity": "sha512-o4q/dYJlmyjP2zfnaWDUC6A3BQFmVTX+tZPezK7k0GLSU9QYCauscf5Y+qcEPzKL+EixVouYDgLQK5H9GrLpkg=="
        },
        "fast-deep-equal": {
            "version": "3.1.3",
            "resolved": "https://registry.npmjs.org/fast-deep-equal/-/fast-deep-equal-3.1.3.tgz",
            "integrity": "sha512-f3qQ9oQy9j2AhBe/H9VC91wLmKBCCU/gDOnKNAYG5hswO7BLKj09Hc5HYNz9cGI++xlpDCIgDaitVs03ATR84Q=="
        },
        "htmlparser2": {
            "version": "8.0.1",
            "resolved": "https://registry.npmjs.org/htmlparser2/-/htmlparser2-8.0.1.tgz",
            "integrity": "sha512-4lVbmc1diZC7GUJQtRQ5yBAeUCL1exyMwmForWkRLnwyzWBFxN633SALPMGYaWZvKe9j1pRZJpauvmxENSp/EA==",
            "requires": {
                "domelementtype": "^2.3.0",
                "domhandler": "^5.0.2",
                "domutils": "^3.0.1",
                "entities": "^4.3.0"
            }
        },
        "json-schema-traverse": {
            "version": "1.0.0",
            "resolved": "https://registry.npmjs.org/json-schema-traverse/-/json-schema-traverse-1.0.0.tgz",
            "integrity": "sha512-NM8/P9n3XjXhIZn1lLhkFaACTOURQXjWhV4BA/RnOv8xvgqtqpAX9IO4mRQxSx1Rlo4tqzeqb0sOlruaOy3dug=="
        },
        "punycode": {
            "version": "2.1.1",
            "resolved": "https://registry.npmjs.org/punycode/-/punycode-2.1.1.tgz",
            "integrity": "sha512-XRsRjdf+j5ml+y/6GKHPZbrF/8p2Yga0JPtdqTIY2Xe5ohJPD9saDJJLPvp9+NSBprVvevdXZybnj2cv8OEd0A=="
        },
        "require-from-string": {
            "version": "2.0.2",
            "resolved": "https://registry.npmjs.org/require-from-string/-/require-from-string-2.0.2.tgz",
            "integrity": "sha512-Xf0nWe6RseziFMu+Ap9biiUbmplq6S9/p+7w7YXP/JBHhrUDDUhwa+vANyubuqfZWTveU//DYVGsDG7RKL/vEw=="
        },
        "uri-js": {
            "version": "4.4.1",
            "resolved": "https://registry.npmjs.org/uri-js/-/uri-js-4.4.1.tgz",
            "integrity": "sha512-7rKUyy33Q1yc98pQ1DAmLtwX109F7TIfWlW1Ydo8Wl1ii1SeHieeh0HHfPeL2fMXK6z0s8ecKs9frCuLJvndBg==",
            "requires": {
                "punycode": "^2.1.0"
            }
        }
    }
}
